// !$*UTF8*$!
{
	archiveVersion = 1;
	classes = {
	};
	objectVersion = 46;
	objects = {

/* Begin PBXBuildFile section */
		3902F2A2D3FA03EA2DBF9617 /* libPods-Lignite.a in Frameworks */ = {isa = PBXBuildFile; fileRef = CDFBCCD2B4BA98F8C2195114 /* libPods-Lignite.a */; };
		6A13BE971B1B5C48005BA4CB /* CreditsViewController.m in Sources */ = {isa = PBXBuildFile; fileRef = 6A13BE961B1B5C48005BA4CB /* CreditsViewController.m */; };
		6A13BE9B1B1BAEA7005BA4CB /* Lignite-BETA-logo.png in Resources */ = {isa = PBXBuildFile; fileRef = 6A13BE9A1B1BAEA7005BA4CB /* Lignite-BETA-logo.png */; };
		6A15E9EE1B8CB877008E7358 /* timedock.json in Resources */ = {isa = PBXBuildFile; fileRef = 6A15E9ED1B8CB877008E7358 /* timedock.json */; };
		6A15EA3A1B8D306F008E7358 /* colours_uncorrected.json in Resources */ = {isa = PBXBuildFile; fileRef = 6A15EA381B8D306F008E7358 /* colours_uncorrected.json */; };
		6A15EA3B1B8D306F008E7358 /* colours_corrected.json in Resources */ = {isa = PBXBuildFile; fileRef = 6A15EA391B8D306F008E7358 /* colours_corrected.json */; };
		6A15EA5F1B8D3163008E7358 /* chunky-aplite-1.png in Resources */ = {isa = PBXBuildFile; fileRef = 6A15EA3C1B8D3163008E7358 /* chunky-aplite-1.png */; };
		6A15EA601B8D3163008E7358 /* chunky-aplite-2.png in Resources */ = {isa = PBXBuildFile; fileRef = 6A15EA3D1B8D3163008E7358 /* chunky-aplite-2.png */; };
		6A15EA611B8D3163008E7358 /* chunky-basalt-1.png in Resources */ = {isa = PBXBuildFile; fileRef = 6A15EA3E1B8D3163008E7358 /* chunky-basalt-1.png */; };
		6A15EA621B8D3163008E7358 /* chunky-basalt-2.png in Resources */ = {isa = PBXBuildFile; fileRef = 6A15EA3F1B8D3163008E7358 /* chunky-basalt-2.png */; };
		6A15EA631B8D3163008E7358 /* colours-basalt-1.png in Resources */ = {isa = PBXBuildFile; fileRef = 6A15EA401B8D3163008E7358 /* colours-basalt-1.png */; };
		6A15EA641B8D3163008E7358 /* colours-basalt-2.png in Resources */ = {isa = PBXBuildFile; fileRef = 6A15EA411B8D3163008E7358 /* colours-basalt-2.png */; };
		6A15EA651B8D3163008E7358 /* colours-basalt-3.png in Resources */ = {isa = PBXBuildFile; fileRef = 6A15EA421B8D3163008E7358 /* colours-basalt-3.png */; };
		6A15EA661B8D3163008E7358 /* lines-aplite-1.png in Resources */ = {isa = PBXBuildFile; fileRef = 6A15EA431B8D3163008E7358 /* lines-aplite-1.png */; };
		6A15EA671B8D3163008E7358 /* lines-aplite-2.png in Resources */ = {isa = PBXBuildFile; fileRef = 6A15EA441B8D3163008E7358 /* lines-aplite-2.png */; };
		6A15EA681B8D3163008E7358 /* lines-aplite-3.png in Resources */ = {isa = PBXBuildFile; fileRef = 6A15EA451B8D3163008E7358 /* lines-aplite-3.png */; };
		6A15EA691B8D3163008E7358 /* lines-basalt-1.png in Resources */ = {isa = PBXBuildFile; fileRef = 6A15EA461B8D3163008E7358 /* lines-basalt-1.png */; };
		6A15EA6A1B8D3163008E7358 /* lines-basalt-2.png in Resources */ = {isa = PBXBuildFile; fileRef = 6A15EA471B8D3163008E7358 /* lines-basalt-2.png */; };
		6A15EA6B1B8D3163008E7358 /* lines-basalt-3.png in Resources */ = {isa = PBXBuildFile; fileRef = 6A15EA481B8D3163008E7358 /* lines-basalt-3.png */; };
		6A15EA6C1B8D3163008E7358 /* rightnighter-aplite-1.png in Resources */ = {isa = PBXBuildFile; fileRef = 6A15EA491B8D3163008E7358 /* rightnighter-aplite-1.png */; };
		6A15EA6D1B8D3163008E7358 /* rightnighter-aplite-2.png in Resources */ = {isa = PBXBuildFile; fileRef = 6A15EA4A1B8D3163008E7358 /* rightnighter-aplite-2.png */; };
		6A15EA6E1B8D3163008E7358 /* rightnighter-basalt-1.png in Resources */ = {isa = PBXBuildFile; fileRef = 6A15EA4B1B8D3163008E7358 /* rightnighter-basalt-1.png */; };
		6A15EA6F1B8D3163008E7358 /* rightnighter-basalt-2.png in Resources */ = {isa = PBXBuildFile; fileRef = 6A15EA4C1B8D3163008E7358 /* rightnighter-basalt-2.png */; };
		6A15EA701B8D3163008E7358 /* simplified analogue-aplite-1.png in Resources */ = {isa = PBXBuildFile; fileRef = 6A15EA4D1B8D3163008E7358 /* simplified analogue-aplite-1.png */; };
		6A15EA711B8D3163008E7358 /* simplified analogue-aplite-2.png in Resources */ = {isa = PBXBuildFile; fileRef = 6A15EA4E1B8D3163008E7358 /* simplified analogue-aplite-2.png */; };
		6A15EA721B8D3163008E7358 /* simplified analogue-basalt-1.png in Resources */ = {isa = PBXBuildFile; fileRef = 6A15EA4F1B8D3163008E7358 /* simplified analogue-basalt-1.png */; };
		6A15EA731B8D3163008E7358 /* simplified analogue-basalt-2.png in Resources */ = {isa = PBXBuildFile; fileRef = 6A15EA501B8D3163008E7358 /* simplified analogue-basalt-2.png */; };
		6A15EA741B8D3163008E7358 /* speedometer-aplite-1.png in Resources */ = {isa = PBXBuildFile; fileRef = 6A15EA511B8D3163008E7358 /* speedometer-aplite-1.png */; };
		6A15EA751B8D3163008E7358 /* speedometer-aplite-2.png in Resources */ = {isa = PBXBuildFile; fileRef = 6A15EA521B8D3163008E7358 /* speedometer-aplite-2.png */; };
		6A15EA761B8D3163008E7358 /* speedometer-aplite-3.png in Resources */ = {isa = PBXBuildFile; fileRef = 6A15EA531B8D3163008E7358 /* speedometer-aplite-3.png */; };
		6A15EA771B8D3163008E7358 /* speedometer-basalt-1.png in Resources */ = {isa = PBXBuildFile; fileRef = 6A15EA541B8D3163008E7358 /* speedometer-basalt-1.png */; };
		6A15EA781B8D3163008E7358 /* speedometer-basalt-2.png in Resources */ = {isa = PBXBuildFile; fileRef = 6A15EA551B8D3163008E7358 /* speedometer-basalt-2.png */; };
		6A15EA791B8D3163008E7358 /* speedometer-basalt-3.png in Resources */ = {isa = PBXBuildFile; fileRef = 6A15EA561B8D3163008E7358 /* speedometer-basalt-3.png */; };
		6A15EA7A1B8D3163008E7358 /* timedock-aplite-1.png in Resources */ = {isa = PBXBuildFile; fileRef = 6A15EA571B8D3163008E7358 /* timedock-aplite-1.png */; };
		6A15EA7B1B8D3163008E7358 /* timedock-aplite-2.png in Resources */ = {isa = PBXBuildFile; fileRef = 6A15EA581B8D3163008E7358 /* timedock-aplite-2.png */; };
		6A15EA7C1B8D3163008E7358 /* timedock-basalt-1.png in Resources */ = {isa = PBXBuildFile; fileRef = 6A15EA591B8D3163008E7358 /* timedock-basalt-1.png */; };
		6A15EA7D1B8D3163008E7358 /* timedock-basalt-2.png in Resources */ = {isa = PBXBuildFile; fileRef = 6A15EA5A1B8D3163008E7358 /* timedock-basalt-2.png */; };
		6A15EA7E1B8D3163008E7358 /* timezones-aplite-1.png in Resources */ = {isa = PBXBuildFile; fileRef = 6A15EA5B1B8D3163008E7358 /* timezones-aplite-1.png */; };
		6A15EA7F1B8D3163008E7358 /* timezones-aplite-2.png in Resources */ = {isa = PBXBuildFile; fileRef = 6A15EA5C1B8D3163008E7358 /* timezones-aplite-2.png */; };
		6A15EA801B8D3163008E7358 /* timezones-basalt-1.png in Resources */ = {isa = PBXBuildFile; fileRef = 6A15EA5D1B8D3163008E7358 /* timezones-basalt-1.png */; };
		6A15EA811B8D3163008E7358 /* timezones-basalt-2.png in Resources */ = {isa = PBXBuildFile; fileRef = 6A15EA5E1B8D3163008E7358 /* timezones-basalt-2.png */; };
		6A1927921B4829FF004017CA /* StoreKit.framework in Frameworks */ = {isa = PBXBuildFile; fileRef = 6A1927911B4829FF004017CA /* StoreKit.framework */; };
		6A1927951B487DD7004017CA /* NSUserDefaults+MPSecureUserDefaults.m in Sources */ = {isa = PBXBuildFile; fileRef = 6A1927941B487DD7004017CA /* NSUserDefaults+MPSecureUserDefaults.m */; };
		6A1C1E7B1B817C01005E4A1E /* bianca-black.png in Resources */ = {isa = PBXBuildFile; fileRef = 6A1C1E701B817C01005E4A1E /* bianca-black.png */; };
		6A1C1E7C1B817C01005E4A1E /* bianca-silver.png in Resources */ = {isa = PBXBuildFile; fileRef = 6A1C1E711B817C01005E4A1E /* bianca-silver.png */; };
		6A1C1E7D1B817C01005E4A1E /* bobby-black.png in Resources */ = {isa = PBXBuildFile; fileRef = 6A1C1E721B817C01005E4A1E /* bobby-black.png */; };
		6A1C1E7E1B817C01005E4A1E /* bobby-gold.png in Resources */ = {isa = PBXBuildFile; fileRef = 6A1C1E731B817C01005E4A1E /* bobby-gold.png */; };
		6A1C1E7F1B817C01005E4A1E /* bobby-silver.png in Resources */ = {isa = PBXBuildFile; fileRef = 6A1C1E741B817C01005E4A1E /* bobby-silver.png */; };
		6A1C1E801B817C01005E4A1E /* snowy-black.png in Resources */ = {isa = PBXBuildFile; fileRef = 6A1C1E751B817C01005E4A1E /* snowy-black.png */; };
		6A1C1E811B817C01005E4A1E /* snowy-red.png in Resources */ = {isa = PBXBuildFile; fileRef = 6A1C1E761B817C01005E4A1E /* snowy-red.png */; };
		6A1C1E821B817C01005E4A1E /* snowy-white.png in Resources */ = {isa = PBXBuildFile; fileRef = 6A1C1E771B817C01005E4A1E /* snowy-white.png */; };
		6A1C1E831B817C01005E4A1E /* tintin-black.png in Resources */ = {isa = PBXBuildFile; fileRef = 6A1C1E781B817C01005E4A1E /* tintin-black.png */; };
		6A1C1E841B817C01005E4A1E /* tintin-red.png in Resources */ = {isa = PBXBuildFile; fileRef = 6A1C1E791B817C01005E4A1E /* tintin-red.png */; };
		6A1C1E851B817C01005E4A1E /* tintin-white.png in Resources */ = {isa = PBXBuildFile; fileRef = 6A1C1E7A1B817C01005E4A1E /* tintin-white.png */; };
		6A1C1E8E1B81834A005E4A1E /* LNPreviewBuilderController.m in Sources */ = {isa = PBXBuildFile; fileRef = 6A1C1E8D1B81834A005E4A1E /* LNPreviewBuilderController.m */; };
		6A1C1EAB1B82C7E3005E4A1E /* purchase-button.png in Resources */ = {isa = PBXBuildFile; fileRef = 6A1C1EA81B82C7E3005E4A1E /* purchase-button.png */; };
		6A1C1EAC1B82C7E3005E4A1E /* settings-button.png in Resources */ = {isa = PBXBuildFile; fileRef = 6A1C1EA91B82C7E3005E4A1E /* settings-button.png */; };
		6A1C1EB41B82D2F7005E4A1E /* LNColourPicker.m in Sources */ = {isa = PBXBuildFile; fileRef = 6A1C1EB31B82D2F7005E4A1E /* LNColourPicker.m */; };
		6A1C89DE1AF5C59800517A8E /* main.m in Sources */ = {isa = PBXBuildFile; fileRef = 6A1C89DD1AF5C59800517A8E /* main.m */; };
		6A1C89E11AF5C59800517A8E /* AppDelegate.m in Sources */ = {isa = PBXBuildFile; fileRef = 6A1C89E01AF5C59800517A8E /* AppDelegate.m */; };
		6A1C89E91AF5C59800517A8E /* Images.xcassets in Resources */ = {isa = PBXBuildFile; fileRef = 6A1C89E81AF5C59800517A8E /* Images.xcassets */; };
		6A1C89EC1AF5C59800517A8E /* LaunchScreen.xib in Resources */ = {isa = PBXBuildFile; fileRef = 6A1C89EA1AF5C59800517A8E /* LaunchScreen.xib */; };
		6A32109F1B7C2010007DE49A /* arrow-active.png in Resources */ = {isa = PBXBuildFile; fileRef = 6A32109D1B7C2010007DE49A /* arrow-active.png */; };
		6A3210A01B7C2010007DE49A /* arrow-inactive.png in Resources */ = {isa = PBXBuildFile; fileRef = 6A32109E1B7C2010007DE49A /* arrow-inactive.png */; };
		6A3210A31B7C21E9007DE49A /* arrow-active-right.png in Resources */ = {isa = PBXBuildFile; fileRef = 6A3210A11B7C21E9007DE49A /* arrow-active-right.png */; };
		6A3210A41B7C21E9007DE49A /* arrow-inactive-right.png in Resources */ = {isa = PBXBuildFile; fileRef = 6A3210A21B7C21E9007DE49A /* arrow-inactive-right.png */; };
		6A3853861B86A5C300BB9F9D /* equalizer.json in Resources */ = {isa = PBXBuildFile; fileRef = 6A3853851B86A5C300BB9F9D /* equalizer.json */; };
		6A3853881B877BD100BB9F9D /* Localizable.strings in Resources */ = {isa = PBXBuildFile; fileRef = 6A38538A1B877BD100BB9F9D /* Localizable.strings */; };
		6A41192C1BA0A85800F8AFEF /* slot machine-aplite-1.png in Resources */ = {isa = PBXBuildFile; fileRef = 6A4119291BA0A85800F8AFEF /* slot machine-aplite-1.png */; };
		6A41192D1BA0A85800F8AFEF /* slot machine-basalt-1.png in Resources */ = {isa = PBXBuildFile; fileRef = 6A41192A1BA0A85800F8AFEF /* slot machine-basalt-1.png */; };
		6A41192E1BA0A85800F8AFEF /* slot machine-basalt-2.png in Resources */ = {isa = PBXBuildFile; fileRef = 6A41192B1BA0A85800F8AFEF /* slot machine-basalt-2.png */; };
		6A4119311BA0A9D500F8AFEF /* personal-aplite-1.png in Resources */ = {isa = PBXBuildFile; fileRef = 6A41192F1BA0A9D500F8AFEF /* personal-aplite-1.png */; };
		6A4119321BA0A9D500F8AFEF /* personal-basalt-1.png in Resources */ = {isa = PBXBuildFile; fileRef = 6A4119301BA0A9D500F8AFEF /* personal-basalt-1.png */; };
		6A4119361BA0AA0400F8AFEF /* equalizer-aplite-1.png in Resources */ = {isa = PBXBuildFile; fileRef = 6A4119331BA0AA0400F8AFEF /* equalizer-aplite-1.png */; };
		6A4119371BA0AA0400F8AFEF /* equalizer-basalt-1.png in Resources */ = {isa = PBXBuildFile; fileRef = 6A4119341BA0AA0400F8AFEF /* equalizer-basalt-1.png */; };
		6A4119381BA0AA0400F8AFEF /* equalizer-basalt-2.png in Resources */ = {isa = PBXBuildFile; fileRef = 6A4119351BA0AA0400F8AFEF /* equalizer-basalt-2.png */; };
		6A41193C1BA0AA5300F8AFEF /* pulse-basalt-2.png in Resources */ = {isa = PBXBuildFile; fileRef = 6A41193A1BA0AA5300F8AFEF /* pulse-basalt-2.png */; };
		6A41193E1BA0AAC800F8AFEF /* pulse-aplite-1.png in Resources */ = {isa = PBXBuildFile; fileRef = 6A41193D1BA0AAC800F8AFEF /* pulse-aplite-1.png */; };
		6A4119431BA0AAF500F8AFEF /* beat-aplite-1.png in Resources */ = {isa = PBXBuildFile; fileRef = 6A41193F1BA0AAF500F8AFEF /* beat-aplite-1.png */; };
		6A4119441BA0AAF500F8AFEF /* beat-aplite-2.png in Resources */ = {isa = PBXBuildFile; fileRef = 6A4119401BA0AAF500F8AFEF /* beat-aplite-2.png */; };
		6A4119451BA0AAF500F8AFEF /* beat-basalt-1.png in Resources */ = {isa = PBXBuildFile; fileRef = 6A4119411BA0AAF500F8AFEF /* beat-basalt-1.png */; };
		6A4119461BA0AAF500F8AFEF /* beat-basalt-2.png in Resources */ = {isa = PBXBuildFile; fileRef = 6A4119421BA0AAF500F8AFEF /* beat-basalt-2.png */; };
		6A4785461B97F91600424AD3 /* arrow_up_thin_flipped.png in Resources */ = {isa = PBXBuildFile; fileRef = 6A4785451B97F91600424AD3 /* arrow_up_thin_flipped.png */; };
		6A5D026B1B0A9ACD00DE77B1 /* FeedbackViewController.m in Sources */ = {isa = PBXBuildFile; fileRef = 6A5D026A1B0A9ACC00DE77B1 /* FeedbackViewController.m */; };
		6A5D026E1B0AC47500DE77B1 /* LNDataFramework.m in Sources */ = {isa = PBXBuildFile; fileRef = 6A5D026D1B0AC47500DE77B1 /* LNDataFramework.m */; };
		6A5D02711B0AD37C00DE77B1 /* UIView+Toast.m in Sources */ = {isa = PBXBuildFile; fileRef = 6A5D02701B0AD37C00DE77B1 /* UIView+Toast.m */; };
		6A5D02741B0ADEB600DE77B1 /* LoginViewController.m in Sources */ = {isa = PBXBuildFile; fileRef = 6A5D02731B0ADEB600DE77B1 /* LoginViewController.m */; };
		6A7FAF521B9CB85C0092205F /* double_arrows_pointed_up.png in Resources */ = {isa = PBXBuildFile; fileRef = 6A7FAF511B9CB85C0092205F /* double_arrows_pointed_up.png */; };
		6A869B7A1B4DD3FA002FCD15 /* SimpleTableViewController.m in Sources */ = {isa = PBXBuildFile; fileRef = 6A869B791B4DD3FA002FCD15 /* SimpleTableViewController.m */; };
		6AB051C71BA1186B00A398E5 /* tree of colours-aplite-1.png in Resources */ = {isa = PBXBuildFile; fileRef = 6AB051C61BA1186B00A398E5 /* tree of colours-aplite-1.png */; };
		6AB051C91BA1188400A398E5 /* tree of colours-basalt-1.png in Resources */ = {isa = PBXBuildFile; fileRef = 6AB051C81BA1188400A398E5 /* tree of colours-basalt-1.png */; };
		6AB051CC1BA1439200A398E5 /* LNButton.m in Sources */ = {isa = PBXBuildFile; fileRef = 6AB051CB1BA1439200A398E5 /* LNButton.m */; };
		6AB051CE1BA147F800A398E5 /* pulse-basalt-1.png in Resources */ = {isa = PBXBuildFile; fileRef = 6AB051CD1BA147F800A398E5 /* pulse-basalt-1.png */; };
		6AB051D01BA1D95200A398E5 /* colours-aplite-1.png in Resources */ = {isa = PBXBuildFile; fileRef = 6AB051CF1BA1D95200A398E5 /* colours-aplite-1.png */; };
		6AB051D21BA3243100A398E5 /* equalizer-aplite-2.png in Resources */ = {isa = PBXBuildFile; fileRef = 6AB051D11BA3243100A398E5 /* equalizer-aplite-2.png */; };
		6AB051D41BA324E800A398E5 /* personal-aplite-2.png in Resources */ = {isa = PBXBuildFile; fileRef = 6AB051D31BA324E800A398E5 /* personal-aplite-2.png */; };
		6AB051D61BA3250400A398E5 /* personal-basalt-2.png in Resources */ = {isa = PBXBuildFile; fileRef = 6AB051D51BA3250400A398E5 /* personal-basalt-2.png */; };
		6AB051D81BA3255500A398E5 /* slot machine-aplite-2.png in Resources */ = {isa = PBXBuildFile; fileRef = 6AB051D71BA3255500A398E5 /* slot machine-aplite-2.png */; };
		6ABE3CA21B9359A0005B4D4D /* lignite_settings.json in Resources */ = {isa = PBXBuildFile; fileRef = 6ABE3CA11B9359A0005B4D4D /* lignite_settings.json */; };
		6ABE3CA41B935C34005B4D4D /* AudioToolbox.framework in Frameworks */ = {isa = PBXBuildFile; fileRef = 6ABE3CA31B935C33005B4D4D /* AudioToolbox.framework */; };
		6ABE3CA71B936147005B4D4D /* LNAlertView.m in Sources */ = {isa = PBXBuildFile; fileRef = 6ABE3CA61B936147005B4D4D /* LNAlertView.m */; };
		6ABE3CAB1B93E739005B4D4D /* tutorial_background.png in Resources */ = {isa = PBXBuildFile; fileRef = 6ABE3CAA1B93E739005B4D4D /* tutorial_background.png */; };
		6ABE3CB11B93FC22005B4D4D /* arrow_left_thin.png in Resources */ = {isa = PBXBuildFile; fileRef = 6ABE3CAC1B93FC22005B4D4D /* arrow_left_thin.png */; };
		6ABE3CB21B93FC22005B4D4D /* arrow_right_thin.png in Resources */ = {isa = PBXBuildFile; fileRef = 6ABE3CAD1B93FC22005B4D4D /* arrow_right_thin.png */; };
		6ABE3CB41B93FC22005B4D4D /* arrow_down_thin.png in Resources */ = {isa = PBXBuildFile; fileRef = 6ABE3CAF1B93FC22005B4D4D /* arrow_down_thin.png */; };
		6ABE3CB51B93FC22005B4D4D /* arrow_up_thin.png in Resources */ = {isa = PBXBuildFile; fileRef = 6ABE3CB01B93FC22005B4D4D /* arrow_up_thin.png */; };
		6ABE3CB71B94A4BD005B4D4D /* double_arrows.png in Resources */ = {isa = PBXBuildFile; fileRef = 6ABE3CB61B94A4BD005B4D4D /* double_arrows.png */; };
		6ABE3CB91B94B281005B4D4D /* double_arrows_up.png in Resources */ = {isa = PBXBuildFile; fileRef = 6ABE3CB81B94B281005B4D4D /* double_arrows_up.png */; };
		6AD6CB221B09985500A81319 /* LNAppInfo.m in Sources */ = {isa = PBXBuildFile; fileRef = 6AD6CB211B09985500A81319 /* LNAppInfo.m */; };
		6AE2A7231B093B12007BAE3C /* lignite_logo.png in Resources */ = {isa = PBXBuildFile; fileRef = 6AE2A7221B093B12007BAE3C /* lignite_logo.png */; };
		6AE61FEF1B7ACFA000E63BC7 /* beat.json in Resources */ = {isa = PBXBuildFile; fileRef = 6AE61FE31B7ACFA000E63BC7 /* beat.json */; };
		6AE61FF01B7ACFA000E63BC7 /* chunky.json in Resources */ = {isa = PBXBuildFile; fileRef = 6AE61FE41B7ACFA000E63BC7 /* chunky.json */; };
		6AE61FF11B7ACFA000E63BC7 /* colours.json in Resources */ = {isa = PBXBuildFile; fileRef = 6AE61FE51B7ACFA000E63BC7 /* colours.json */; };
		6AE61FF21B7ACFA000E63BC7 /* lines.json in Resources */ = {isa = PBXBuildFile; fileRef = 6AE61FE61B7ACFA000E63BC7 /* lines.json */; };
		6AE61FF31B7ACFA000E63BC7 /* personal.json in Resources */ = {isa = PBXBuildFile; fileRef = 6AE61FE71B7ACFA000E63BC7 /* personal.json */; };
		6AE61FF41B7ACFA000E63BC7 /* pulse.json in Resources */ = {isa = PBXBuildFile; fileRef = 6AE61FE81B7ACFA000E63BC7 /* pulse.json */; };
		6AE61FF51B7ACFA000E63BC7 /* rightnighter.json in Resources */ = {isa = PBXBuildFile; fileRef = 6AE61FE91B7ACFA000E63BC7 /* rightnighter.json */; };
		6AE61FF61B7ACFA000E63BC7 /* simplified analogue.json in Resources */ = {isa = PBXBuildFile; fileRef = 6AE61FEA1B7ACFA000E63BC7 /* simplified analogue.json */; };
		6AE61FF71B7ACFA000E63BC7 /* slot machine.json in Resources */ = {isa = PBXBuildFile; fileRef = 6AE61FEB1B7ACFA000E63BC7 /* slot machine.json */; };
		6AE61FF81B7ACFA000E63BC7 /* speedometer.json in Resources */ = {isa = PBXBuildFile; fileRef = 6AE61FEC1B7ACFA000E63BC7 /* speedometer.json */; };
		6AE61FF91B7ACFA000E63BC7 /* timezones.json in Resources */ = {isa = PBXBuildFile; fileRef = 6AE61FED1B7ACFA000E63BC7 /* timezones.json */; };
		6AE61FFA1B7ACFA000E63BC7 /* tree of colours.json in Resources */ = {isa = PBXBuildFile; fileRef = 6AE61FEE1B7ACFA000E63BC7 /* tree of colours.json */; };
		6AE771191B841A0600187FC9 /* LNAppListViewController.m in Sources */ = {isa = PBXBuildFile; fileRef = 6AE771181B841A0600187FC9 /* LNAppListViewController.m */; };
		6AE7711C1B841B3B00187FC9 /* LNAppListController.m in Sources */ = {isa = PBXBuildFile; fileRef = 6AE7711B1B841B3B00187FC9 /* LNAppListController.m */; };
		6AE771261B858B0800187FC9 /* install-button.png in Resources */ = {isa = PBXBuildFile; fileRef = 6AE771251B858B0800187FC9 /* install-button.png */; };
		6AEB27361B0E6E9B00750B21 /* Main.storyboard in Resources */ = {isa = PBXBuildFile; fileRef = 6AEB27351B0E6E9B00750B21 /* Main.storyboard */; };
		6AFD214A1B6C104000D42FBE /* LNSettingsViewController.m in Sources */ = {isa = PBXBuildFile; fileRef = 6AFD21491B6C104000D42FBE /* LNSettingsViewController.m */; };
		6AFD214D1B6C74E200D42FBE /* LNSwitch.m in Sources */ = {isa = PBXBuildFile; fileRef = 6AFD214C1B6C74E200D42FBE /* LNSwitch.m */; };
		6AFD21501B6C7D9600D42FBE /* LNLabel.m in Sources */ = {isa = PBXBuildFile; fileRef = 6AFD214F1B6C7D9600D42FBE /* LNLabel.m */; };
		6AFD21531B6C842F00D42FBE /* LNSlider.m in Sources */ = {isa = PBXBuildFile; fileRef = 6AFD21521B6C842F00D42FBE /* LNSlider.m */; };
		6AFD21561B6D80D200D42FBE /* LNTextField.m in Sources */ = {isa = PBXBuildFile; fileRef = 6AFD21551B6D80D200D42FBE /* LNTextField.m */; };
/* End PBXBuildFile section */

/* Begin PBXFileReference section */
		543390EE929F86789563CA2D /* Pods-Lignite Collection.debug.xcconfig */ = {isa = PBXFileReference; includeInIndex = 1; lastKnownFileType = text.xcconfig; name = "Pods-Lignite Collection.debug.xcconfig"; path = "Pods/Target Support Files/Pods-Lignite Collection/Pods-Lignite Collection.debug.xcconfig"; sourceTree = "<group>"; };
		6A13BE951B1B5C48005BA4CB /* CreditsViewController.h */ = {isa = PBXFileReference; fileEncoding = 4; lastKnownFileType = sourcecode.c.h; path = CreditsViewController.h; sourceTree = "<group>"; };
		6A13BE961B1B5C48005BA4CB /* CreditsViewController.m */ = {isa = PBXFileReference; fileEncoding = 4; lastKnownFileType = sourcecode.c.objc; path = CreditsViewController.m; sourceTree = "<group>"; };
		6A13BE9A1B1BAEA7005BA4CB /* Lignite-BETA-logo.png */ = {isa = PBXFileReference; lastKnownFileType = image.png; path = "Lignite-BETA-logo.png"; sourceTree = "<group>"; };
		6A15E9ED1B8CB877008E7358 /* timedock.json */ = {isa = PBXFileReference; fileEncoding = 4; lastKnownFileType = text.json; path = timedock.json; sourceTree = "<group>"; };
		6A15EA381B8D306F008E7358 /* colours_uncorrected.json */ = {isa = PBXFileReference; fileEncoding = 4; lastKnownFileType = text.json; path = colours_uncorrected.json; sourceTree = "<group>"; };
		6A15EA391B8D306F008E7358 /* colours_corrected.json */ = {isa = PBXFileReference; fileEncoding = 4; lastKnownFileType = text.json; path = colours_corrected.json; sourceTree = "<group>"; };
		6A15EA3C1B8D3163008E7358 /* chunky-aplite-1.png */ = {isa = PBXFileReference; lastKnownFileType = image.png; path = "chunky-aplite-1.png"; sourceTree = "<group>"; };
		6A15EA3D1B8D3163008E7358 /* chunky-aplite-2.png */ = {isa = PBXFileReference; lastKnownFileType = image.png; path = "chunky-aplite-2.png"; sourceTree = "<group>"; };
		6A15EA3E1B8D3163008E7358 /* chunky-basalt-1.png */ = {isa = PBXFileReference; lastKnownFileType = image.png; path = "chunky-basalt-1.png"; sourceTree = "<group>"; };
		6A15EA3F1B8D3163008E7358 /* chunky-basalt-2.png */ = {isa = PBXFileReference; lastKnownFileType = image.png; path = "chunky-basalt-2.png"; sourceTree = "<group>"; };
		6A15EA401B8D3163008E7358 /* colours-basalt-1.png */ = {isa = PBXFileReference; lastKnownFileType = image.png; path = "colours-basalt-1.png"; sourceTree = "<group>"; };
		6A15EA411B8D3163008E7358 /* colours-basalt-2.png */ = {isa = PBXFileReference; lastKnownFileType = image.png; path = "colours-basalt-2.png"; sourceTree = "<group>"; };
		6A15EA421B8D3163008E7358 /* colours-basalt-3.png */ = {isa = PBXFileReference; lastKnownFileType = image.png; path = "colours-basalt-3.png"; sourceTree = "<group>"; };
		6A15EA431B8D3163008E7358 /* lines-aplite-1.png */ = {isa = PBXFileReference; lastKnownFileType = image.png; path = "lines-aplite-1.png"; sourceTree = "<group>"; };
		6A15EA441B8D3163008E7358 /* lines-aplite-2.png */ = {isa = PBXFileReference; lastKnownFileType = image.png; path = "lines-aplite-2.png"; sourceTree = "<group>"; };
		6A15EA451B8D3163008E7358 /* lines-aplite-3.png */ = {isa = PBXFileReference; lastKnownFileType = image.png; path = "lines-aplite-3.png"; sourceTree = "<group>"; };
		6A15EA461B8D3163008E7358 /* lines-basalt-1.png */ = {isa = PBXFileReference; lastKnownFileType = image.png; path = "lines-basalt-1.png"; sourceTree = "<group>"; };
		6A15EA471B8D3163008E7358 /* lines-basalt-2.png */ = {isa = PBXFileReference; lastKnownFileType = image.png; path = "lines-basalt-2.png"; sourceTree = "<group>"; };
		6A15EA481B8D3163008E7358 /* lines-basalt-3.png */ = {isa = PBXFileReference; lastKnownFileType = image.png; path = "lines-basalt-3.png"; sourceTree = "<group>"; };
		6A15EA491B8D3163008E7358 /* rightnighter-aplite-1.png */ = {isa = PBXFileReference; lastKnownFileType = image.png; path = "rightnighter-aplite-1.png"; sourceTree = "<group>"; };
		6A15EA4A1B8D3163008E7358 /* rightnighter-aplite-2.png */ = {isa = PBXFileReference; lastKnownFileType = image.png; path = "rightnighter-aplite-2.png"; sourceTree = "<group>"; };
		6A15EA4B1B8D3163008E7358 /* rightnighter-basalt-1.png */ = {isa = PBXFileReference; lastKnownFileType = image.png; path = "rightnighter-basalt-1.png"; sourceTree = "<group>"; };
		6A15EA4C1B8D3163008E7358 /* rightnighter-basalt-2.png */ = {isa = PBXFileReference; lastKnownFileType = image.png; path = "rightnighter-basalt-2.png"; sourceTree = "<group>"; };
		6A15EA4D1B8D3163008E7358 /* simplified analogue-aplite-1.png */ = {isa = PBXFileReference; lastKnownFileType = image.png; path = "simplified analogue-aplite-1.png"; sourceTree = "<group>"; };
		6A15EA4E1B8D3163008E7358 /* simplified analogue-aplite-2.png */ = {isa = PBXFileReference; lastKnownFileType = image.png; path = "simplified analogue-aplite-2.png"; sourceTree = "<group>"; };
		6A15EA4F1B8D3163008E7358 /* simplified analogue-basalt-1.png */ = {isa = PBXFileReference; lastKnownFileType = image.png; path = "simplified analogue-basalt-1.png"; sourceTree = "<group>"; };
		6A15EA501B8D3163008E7358 /* simplified analogue-basalt-2.png */ = {isa = PBXFileReference; lastKnownFileType = image.png; path = "simplified analogue-basalt-2.png"; sourceTree = "<group>"; };
		6A15EA511B8D3163008E7358 /* speedometer-aplite-1.png */ = {isa = PBXFileReference; lastKnownFileType = image.png; path = "speedometer-aplite-1.png"; sourceTree = "<group>"; };
		6A15EA521B8D3163008E7358 /* speedometer-aplite-2.png */ = {isa = PBXFileReference; lastKnownFileType = image.png; path = "speedometer-aplite-2.png"; sourceTree = "<group>"; };
		6A15EA531B8D3163008E7358 /* speedometer-aplite-3.png */ = {isa = PBXFileReference; lastKnownFileType = image.png; path = "speedometer-aplite-3.png"; sourceTree = "<group>"; };
		6A15EA541B8D3163008E7358 /* speedometer-basalt-1.png */ = {isa = PBXFileReference; lastKnownFileType = image.png; path = "speedometer-basalt-1.png"; sourceTree = "<group>"; };
		6A15EA551B8D3163008E7358 /* speedometer-basalt-2.png */ = {isa = PBXFileReference; lastKnownFileType = image.png; path = "speedometer-basalt-2.png"; sourceTree = "<group>"; };
		6A15EA561B8D3163008E7358 /* speedometer-basalt-3.png */ = {isa = PBXFileReference; lastKnownFileType = image.png; path = "speedometer-basalt-3.png"; sourceTree = "<group>"; };
		6A15EA571B8D3163008E7358 /* timedock-aplite-1.png */ = {isa = PBXFileReference; lastKnownFileType = image.png; path = "timedock-aplite-1.png"; sourceTree = "<group>"; };
		6A15EA581B8D3163008E7358 /* timedock-aplite-2.png */ = {isa = PBXFileReference; lastKnownFileType = image.png; path = "timedock-aplite-2.png"; sourceTree = "<group>"; };
		6A15EA591B8D3163008E7358 /* timedock-basalt-1.png */ = {isa = PBXFileReference; lastKnownFileType = image.png; path = "timedock-basalt-1.png"; sourceTree = "<group>"; };
		6A15EA5A1B8D3163008E7358 /* timedock-basalt-2.png */ = {isa = PBXFileReference; lastKnownFileType = image.png; path = "timedock-basalt-2.png"; sourceTree = "<group>"; };
		6A15EA5B1B8D3163008E7358 /* timezones-aplite-1.png */ = {isa = PBXFileReference; lastKnownFileType = image.png; path = "timezones-aplite-1.png"; sourceTree = "<group>"; };
		6A15EA5C1B8D3163008E7358 /* timezones-aplite-2.png */ = {isa = PBXFileReference; lastKnownFileType = image.png; path = "timezones-aplite-2.png"; sourceTree = "<group>"; };
		6A15EA5D1B8D3163008E7358 /* timezones-basalt-1.png */ = {isa = PBXFileReference; lastKnownFileType = image.png; path = "timezones-basalt-1.png"; sourceTree = "<group>"; };
		6A15EA5E1B8D3163008E7358 /* timezones-basalt-2.png */ = {isa = PBXFileReference; lastKnownFileType = image.png; path = "timezones-basalt-2.png"; sourceTree = "<group>"; };
		6A1927911B4829FF004017CA /* StoreKit.framework */ = {isa = PBXFileReference; lastKnownFileType = wrapper.framework; name = StoreKit.framework; path = System/Library/Frameworks/StoreKit.framework; sourceTree = SDKROOT; };
		6A1927931B487DD7004017CA /* NSUserDefaults+MPSecureUserDefaults.h */ = {isa = PBXFileReference; fileEncoding = 4; lastKnownFileType = sourcecode.c.h; path = "NSUserDefaults+MPSecureUserDefaults.h"; sourceTree = "<group>"; };
		6A1927941B487DD7004017CA /* NSUserDefaults+MPSecureUserDefaults.m */ = {isa = PBXFileReference; fileEncoding = 4; lastKnownFileType = sourcecode.c.objc; path = "NSUserDefaults+MPSecureUserDefaults.m"; sourceTree = "<group>"; };
		6A1C1E701B817C01005E4A1E /* bianca-black.png */ = {isa = PBXFileReference; lastKnownFileType = image.png; path = "bianca-black.png"; sourceTree = "<group>"; };
		6A1C1E711B817C01005E4A1E /* bianca-silver.png */ = {isa = PBXFileReference; lastKnownFileType = image.png; path = "bianca-silver.png"; sourceTree = "<group>"; };
		6A1C1E721B817C01005E4A1E /* bobby-black.png */ = {isa = PBXFileReference; lastKnownFileType = image.png; path = "bobby-black.png"; sourceTree = "<group>"; };
		6A1C1E731B817C01005E4A1E /* bobby-gold.png */ = {isa = PBXFileReference; lastKnownFileType = image.png; path = "bobby-gold.png"; sourceTree = "<group>"; };
		6A1C1E741B817C01005E4A1E /* bobby-silver.png */ = {isa = PBXFileReference; lastKnownFileType = image.png; path = "bobby-silver.png"; sourceTree = "<group>"; };
		6A1C1E751B817C01005E4A1E /* snowy-black.png */ = {isa = PBXFileReference; lastKnownFileType = image.png; path = "snowy-black.png"; sourceTree = "<group>"; };
		6A1C1E761B817C01005E4A1E /* snowy-red.png */ = {isa = PBXFileReference; lastKnownFileType = image.png; path = "snowy-red.png"; sourceTree = "<group>"; };
		6A1C1E771B817C01005E4A1E /* snowy-white.png */ = {isa = PBXFileReference; lastKnownFileType = image.png; path = "snowy-white.png"; sourceTree = "<group>"; };
		6A1C1E781B817C01005E4A1E /* tintin-black.png */ = {isa = PBXFileReference; lastKnownFileType = image.png; path = "tintin-black.png"; sourceTree = "<group>"; };
		6A1C1E791B817C01005E4A1E /* tintin-red.png */ = {isa = PBXFileReference; lastKnownFileType = image.png; path = "tintin-red.png"; sourceTree = "<group>"; };
		6A1C1E7A1B817C01005E4A1E /* tintin-white.png */ = {isa = PBXFileReference; lastKnownFileType = image.png; path = "tintin-white.png"; sourceTree = "<group>"; };
		6A1C1E8C1B81834A005E4A1E /* LNPreviewBuilderController.h */ = {isa = PBXFileReference; fileEncoding = 4; lastKnownFileType = sourcecode.c.h; path = LNPreviewBuilderController.h; sourceTree = "<group>"; };
		6A1C1E8D1B81834A005E4A1E /* LNPreviewBuilderController.m */ = {isa = PBXFileReference; fileEncoding = 4; lastKnownFileType = sourcecode.c.objc; path = LNPreviewBuilderController.m; sourceTree = "<group>"; };
		6A1C1EA81B82C7E3005E4A1E /* purchase-button.png */ = {isa = PBXFileReference; lastKnownFileType = image.png; path = "purchase-button.png"; sourceTree = "<group>"; };
		6A1C1EA91B82C7E3005E4A1E /* settings-button.png */ = {isa = PBXFileReference; lastKnownFileType = image.png; path = "settings-button.png"; sourceTree = "<group>"; };
		6A1C1EB21B82D2F7005E4A1E /* LNColourPicker.h */ = {isa = PBXFileReference; fileEncoding = 4; lastKnownFileType = sourcecode.c.h; path = LNColourPicker.h; sourceTree = "<group>"; };
		6A1C1EB31B82D2F7005E4A1E /* LNColourPicker.m */ = {isa = PBXFileReference; fileEncoding = 4; lastKnownFileType = sourcecode.c.objc; path = LNColourPicker.m; sourceTree = "<group>"; };
		6A1C89D81AF5C59700517A8E /* Lignite.app */ = {isa = PBXFileReference; explicitFileType = wrapper.application; includeInIndex = 0; path = Lignite.app; sourceTree = BUILT_PRODUCTS_DIR; };
		6A1C89DC1AF5C59700517A8E /* Info.plist */ = {isa = PBXFileReference; lastKnownFileType = text.plist.xml; path = Info.plist; sourceTree = "<group>"; };
		6A1C89DD1AF5C59800517A8E /* main.m */ = {isa = PBXFileReference; lastKnownFileType = sourcecode.c.objc; path = main.m; sourceTree = "<group>"; };
		6A1C89DF1AF5C59800517A8E /* AppDelegate.h */ = {isa = PBXFileReference; lastKnownFileType = sourcecode.c.h; path = AppDelegate.h; sourceTree = "<group>"; };
		6A1C89E01AF5C59800517A8E /* AppDelegate.m */ = {isa = PBXFileReference; lastKnownFileType = sourcecode.c.objc; path = AppDelegate.m; sourceTree = "<group>"; };
		6A1C89E81AF5C59800517A8E /* Images.xcassets */ = {isa = PBXFileReference; lastKnownFileType = folder.assetcatalog; path = Images.xcassets; sourceTree = "<group>"; };
		6A32109D1B7C2010007DE49A /* arrow-active.png */ = {isa = PBXFileReference; lastKnownFileType = image.png; path = "arrow-active.png"; sourceTree = "<group>"; };
		6A32109E1B7C2010007DE49A /* arrow-inactive.png */ = {isa = PBXFileReference; lastKnownFileType = image.png; path = "arrow-inactive.png"; sourceTree = "<group>"; };
		6A3210A11B7C21E9007DE49A /* arrow-active-right.png */ = {isa = PBXFileReference; lastKnownFileType = image.png; path = "arrow-active-right.png"; sourceTree = "<group>"; };
		6A3210A21B7C21E9007DE49A /* arrow-inactive-right.png */ = {isa = PBXFileReference; lastKnownFileType = image.png; path = "arrow-inactive-right.png"; sourceTree = "<group>"; };
		6A3853851B86A5C300BB9F9D /* equalizer.json */ = {isa = PBXFileReference; fileEncoding = 4; lastKnownFileType = text.json; path = equalizer.json; sourceTree = "<group>"; };
		6A38538B1B877C3B00BB9F9D /* en */ = {isa = PBXFileReference; lastKnownFileType = text.plist.strings; name = en; path = en.lproj/Localizable.strings; sourceTree = "<group>"; };
		6A38538D1B877E7500BB9F9D /* Base */ = {isa = PBXFileReference; lastKnownFileType = file.xib; name = Base; path = Base.lproj/LaunchScreen.xib; sourceTree = "<group>"; };
		6A4119291BA0A85800F8AFEF /* slot machine-aplite-1.png */ = {isa = PBXFileReference; lastKnownFileType = image.png; path = "slot machine-aplite-1.png"; sourceTree = "<group>"; };
		6A41192A1BA0A85800F8AFEF /* slot machine-basalt-1.png */ = {isa = PBXFileReference; lastKnownFileType = image.png; path = "slot machine-basalt-1.png"; sourceTree = "<group>"; };
		6A41192B1BA0A85800F8AFEF /* slot machine-basalt-2.png */ = {isa = PBXFileReference; lastKnownFileType = image.png; path = "slot machine-basalt-2.png"; sourceTree = "<group>"; };
		6A41192F1BA0A9D500F8AFEF /* personal-aplite-1.png */ = {isa = PBXFileReference; lastKnownFileType = image.png; path = "personal-aplite-1.png"; sourceTree = "<group>"; };
		6A4119301BA0A9D500F8AFEF /* personal-basalt-1.png */ = {isa = PBXFileReference; lastKnownFileType = image.png; path = "personal-basalt-1.png"; sourceTree = "<group>"; };
		6A4119331BA0AA0400F8AFEF /* equalizer-aplite-1.png */ = {isa = PBXFileReference; lastKnownFileType = image.png; path = "equalizer-aplite-1.png"; sourceTree = "<group>"; };
		6A4119341BA0AA0400F8AFEF /* equalizer-basalt-1.png */ = {isa = PBXFileReference; lastKnownFileType = image.png; path = "equalizer-basalt-1.png"; sourceTree = "<group>"; };
		6A4119351BA0AA0400F8AFEF /* equalizer-basalt-2.png */ = {isa = PBXFileReference; lastKnownFileType = image.png; path = "equalizer-basalt-2.png"; sourceTree = "<group>"; };
		6A41193A1BA0AA5300F8AFEF /* pulse-basalt-2.png */ = {isa = PBXFileReference; lastKnownFileType = image.png; path = "pulse-basalt-2.png"; sourceTree = "<group>"; };
		6A41193D1BA0AAC800F8AFEF /* pulse-aplite-1.png */ = {isa = PBXFileReference; lastKnownFileType = image.png; path = "pulse-aplite-1.png"; sourceTree = "<group>"; };
		6A41193F1BA0AAF500F8AFEF /* beat-aplite-1.png */ = {isa = PBXFileReference; lastKnownFileType = image.png; path = "beat-aplite-1.png"; sourceTree = "<group>"; };
		6A4119401BA0AAF500F8AFEF /* beat-aplite-2.png */ = {isa = PBXFileReference; lastKnownFileType = image.png; path = "beat-aplite-2.png"; sourceTree = "<group>"; };
		6A4119411BA0AAF500F8AFEF /* beat-basalt-1.png */ = {isa = PBXFileReference; lastKnownFileType = image.png; path = "beat-basalt-1.png"; sourceTree = "<group>"; };
		6A4119421BA0AAF500F8AFEF /* beat-basalt-2.png */ = {isa = PBXFileReference; lastKnownFileType = image.png; path = "beat-basalt-2.png"; sourceTree = "<group>"; };
		6A4785451B97F91600424AD3 /* arrow_up_thin_flipped.png */ = {isa = PBXFileReference; lastKnownFileType = image.png; path = arrow_up_thin_flipped.png; sourceTree = "<group>"; };
		6A5D02691B0A9ACC00DE77B1 /* FeedbackViewController.h */ = {isa = PBXFileReference; fileEncoding = 4; lastKnownFileType = sourcecode.c.h; path = FeedbackViewController.h; sourceTree = "<group>"; };
		6A5D026A1B0A9ACC00DE77B1 /* FeedbackViewController.m */ = {isa = PBXFileReference; fileEncoding = 4; lastKnownFileType = sourcecode.c.objc; path = FeedbackViewController.m; sourceTree = "<group>"; };
		6A5D026C1B0AC47500DE77B1 /* LNDataFramework.h */ = {isa = PBXFileReference; fileEncoding = 4; lastKnownFileType = sourcecode.c.h; path = LNDataFramework.h; sourceTree = "<group>"; };
		6A5D026D1B0AC47500DE77B1 /* LNDataFramework.m */ = {isa = PBXFileReference; fileEncoding = 4; lastKnownFileType = sourcecode.c.objc; path = LNDataFramework.m; sourceTree = "<group>"; };
		6A5D026F1B0AD37C00DE77B1 /* UIView+Toast.h */ = {isa = PBXFileReference; fileEncoding = 4; lastKnownFileType = sourcecode.c.h; path = "UIView+Toast.h"; sourceTree = "<group>"; };
		6A5D02701B0AD37C00DE77B1 /* UIView+Toast.m */ = {isa = PBXFileReference; fileEncoding = 4; lastKnownFileType = sourcecode.c.objc; path = "UIView+Toast.m"; sourceTree = "<group>"; };
		6A5D02721B0ADEB600DE77B1 /* LoginViewController.h */ = {isa = PBXFileReference; fileEncoding = 4; lastKnownFileType = sourcecode.c.h; path = LoginViewController.h; sourceTree = "<group>"; };
		6A5D02731B0ADEB600DE77B1 /* LoginViewController.m */ = {isa = PBXFileReference; fileEncoding = 4; lastKnownFileType = sourcecode.c.objc; path = LoginViewController.m; sourceTree = "<group>"; };
		6A7FAF511B9CB85C0092205F /* double_arrows_pointed_up.png */ = {isa = PBXFileReference; lastKnownFileType = image.png; path = double_arrows_pointed_up.png; sourceTree = "<group>"; };
		6A869B781B4DD3FA002FCD15 /* SimpleTableViewController.h */ = {isa = PBXFileReference; fileEncoding = 4; lastKnownFileType = sourcecode.c.h; path = SimpleTableViewController.h; sourceTree = "<group>"; };
		6A869B791B4DD3FA002FCD15 /* SimpleTableViewController.m */ = {isa = PBXFileReference; fileEncoding = 4; lastKnownFileType = sourcecode.c.objc; path = SimpleTableViewController.m; sourceTree = "<group>"; };
		6AB051C61BA1186B00A398E5 /* tree of colours-aplite-1.png */ = {isa = PBXFileReference; lastKnownFileType = image.png; path = "tree of colours-aplite-1.png"; sourceTree = "<group>"; };
		6AB051C81BA1188400A398E5 /* tree of colours-basalt-1.png */ = {isa = PBXFileReference; lastKnownFileType = image.png; path = "tree of colours-basalt-1.png"; sourceTree = "<group>"; };
		6AB051CA1BA1439200A398E5 /* LNButton.h */ = {isa = PBXFileReference; fileEncoding = 4; lastKnownFileType = sourcecode.c.h; path = LNButton.h; sourceTree = "<group>"; };
		6AB051CB1BA1439200A398E5 /* LNButton.m */ = {isa = PBXFileReference; fileEncoding = 4; lastKnownFileType = sourcecode.c.objc; path = LNButton.m; sourceTree = "<group>"; };
		6AB051CD1BA147F800A398E5 /* pulse-basalt-1.png */ = {isa = PBXFileReference; lastKnownFileType = image.png; path = "pulse-basalt-1.png"; sourceTree = "<group>"; };
		6AB051CF1BA1D95200A398E5 /* colours-aplite-1.png */ = {isa = PBXFileReference; lastKnownFileType = image.png; path = "colours-aplite-1.png"; sourceTree = "<group>"; };
		6AB051D11BA3243100A398E5 /* equalizer-aplite-2.png */ = {isa = PBXFileReference; lastKnownFileType = image.png; path = "equalizer-aplite-2.png"; sourceTree = "<group>"; };
		6AB051D31BA324E800A398E5 /* personal-aplite-2.png */ = {isa = PBXFileReference; lastKnownFileType = image.png; path = "personal-aplite-2.png"; sourceTree = "<group>"; };
		6AB051D51BA3250400A398E5 /* personal-basalt-2.png */ = {isa = PBXFileReference; lastKnownFileType = image.png; path = "personal-basalt-2.png"; sourceTree = "<group>"; };
		6AB051D71BA3255500A398E5 /* slot machine-aplite-2.png */ = {isa = PBXFileReference; lastKnownFileType = image.png; path = "slot machine-aplite-2.png"; sourceTree = "<group>"; };
		6ABE3C991B92B620005B4D4D /* de */ = {isa = PBXFileReference; lastKnownFileType = text.plist.strings; name = de; path = de.lproj/Localizable.strings; sourceTree = "<group>"; };
		6ABE3CA11B9359A0005B4D4D /* lignite_settings.json */ = {isa = PBXFileReference; fileEncoding = 4; lastKnownFileType = text.json; path = lignite_settings.json; sourceTree = "<group>"; };
		6ABE3CA31B935C33005B4D4D /* AudioToolbox.framework */ = {isa = PBXFileReference; lastKnownFileType = wrapper.framework; name = AudioToolbox.framework; path = System/Library/Frameworks/AudioToolbox.framework; sourceTree = SDKROOT; };
		6ABE3CA51B936147005B4D4D /* LNAlertView.h */ = {isa = PBXFileReference; fileEncoding = 4; lastKnownFileType = sourcecode.c.h; path = LNAlertView.h; sourceTree = "<group>"; };
		6ABE3CA61B936147005B4D4D /* LNAlertView.m */ = {isa = PBXFileReference; fileEncoding = 4; lastKnownFileType = sourcecode.c.objc; path = LNAlertView.m; sourceTree = "<group>"; };
		6ABE3CAA1B93E739005B4D4D /* tutorial_background.png */ = {isa = PBXFileReference; lastKnownFileType = image.png; path = tutorial_background.png; sourceTree = "<group>"; };
		6ABE3CAC1B93FC22005B4D4D /* arrow_left_thin.png */ = {isa = PBXFileReference; lastKnownFileType = image.png; path = arrow_left_thin.png; sourceTree = "<group>"; };
		6ABE3CAD1B93FC22005B4D4D /* arrow_right_thin.png */ = {isa = PBXFileReference; lastKnownFileType = image.png; path = arrow_right_thin.png; sourceTree = "<group>"; };
		6ABE3CAF1B93FC22005B4D4D /* arrow_down_thin.png */ = {isa = PBXFileReference; lastKnownFileType = image.png; path = arrow_down_thin.png; sourceTree = "<group>"; };
		6ABE3CB01B93FC22005B4D4D /* arrow_up_thin.png */ = {isa = PBXFileReference; lastKnownFileType = image.png; path = arrow_up_thin.png; sourceTree = "<group>"; };
		6ABE3CB61B94A4BD005B4D4D /* double_arrows.png */ = {isa = PBXFileReference; lastKnownFileType = image.png; path = double_arrows.png; sourceTree = "<group>"; };
		6ABE3CB81B94B281005B4D4D /* double_arrows_up.png */ = {isa = PBXFileReference; lastKnownFileType = image.png; path = double_arrows_up.png; sourceTree = "<group>"; };
		6AD6CB201B09985500A81319 /* LNAppInfo.h */ = {isa = PBXFileReference; fileEncoding = 4; lastKnownFileType = sourcecode.c.h; path = LNAppInfo.h; sourceTree = "<group>"; };
		6AD6CB211B09985500A81319 /* LNAppInfo.m */ = {isa = PBXFileReference; fileEncoding = 4; lastKnownFileType = sourcecode.c.objc; path = LNAppInfo.m; sourceTree = "<group>"; };
		6AE2A7221B093B12007BAE3C /* lignite_logo.png */ = {isa = PBXFileReference; lastKnownFileType = image.png; path = lignite_logo.png; sourceTree = "<group>"; };
		6AE61FE31B7ACFA000E63BC7 /* beat.json */ = {isa = PBXFileReference; fileEncoding = 4; lastKnownFileType = text.json; path = beat.json; sourceTree = "<group>"; };
		6AE61FE41B7ACFA000E63BC7 /* chunky.json */ = {isa = PBXFileReference; fileEncoding = 4; lastKnownFileType = text.json; path = chunky.json; sourceTree = "<group>"; };
		6AE61FE51B7ACFA000E63BC7 /* colours.json */ = {isa = PBXFileReference; fileEncoding = 4; lastKnownFileType = text.json; path = colours.json; sourceTree = "<group>"; };
		6AE61FE61B7ACFA000E63BC7 /* lines.json */ = {isa = PBXFileReference; fileEncoding = 4; lastKnownFileType = text.json; path = lines.json; sourceTree = "<group>"; };
		6AE61FE71B7ACFA000E63BC7 /* personal.json */ = {isa = PBXFileReference; fileEncoding = 4; lastKnownFileType = text.json; path = personal.json; sourceTree = "<group>"; };
		6AE61FE81B7ACFA000E63BC7 /* pulse.json */ = {isa = PBXFileReference; fileEncoding = 4; lastKnownFileType = text.json; path = pulse.json; sourceTree = "<group>"; };
		6AE61FE91B7ACFA000E63BC7 /* rightnighter.json */ = {isa = PBXFileReference; fileEncoding = 4; lastKnownFileType = text.json; path = rightnighter.json; sourceTree = "<group>"; };
		6AE61FEA1B7ACFA000E63BC7 /* simplified analogue.json */ = {isa = PBXFileReference; fileEncoding = 4; lastKnownFileType = text.json; path = "simplified analogue.json"; sourceTree = "<group>"; };
		6AE61FEB1B7ACFA000E63BC7 /* slot machine.json */ = {isa = PBXFileReference; fileEncoding = 4; lastKnownFileType = text.json; path = "slot machine.json"; sourceTree = "<group>"; };
		6AE61FEC1B7ACFA000E63BC7 /* speedometer.json */ = {isa = PBXFileReference; fileEncoding = 4; lastKnownFileType = text.json; path = speedometer.json; sourceTree = "<group>"; };
		6AE61FED1B7ACFA000E63BC7 /* timezones.json */ = {isa = PBXFileReference; fileEncoding = 4; lastKnownFileType = text.json; path = timezones.json; sourceTree = "<group>"; };
		6AE61FEE1B7ACFA000E63BC7 /* tree of colours.json */ = {isa = PBXFileReference; fileEncoding = 4; lastKnownFileType = text.json; path = "tree of colours.json"; sourceTree = "<group>"; };
		6AE771171B841A0600187FC9 /* LNAppListViewController.h */ = {isa = PBXFileReference; fileEncoding = 4; lastKnownFileType = sourcecode.c.h; path = LNAppListViewController.h; sourceTree = "<group>"; };
		6AE771181B841A0600187FC9 /* LNAppListViewController.m */ = {isa = PBXFileReference; fileEncoding = 4; lastKnownFileType = sourcecode.c.objc; path = LNAppListViewController.m; sourceTree = "<group>"; };
		6AE7711A1B841B3B00187FC9 /* LNAppListController.h */ = {isa = PBXFileReference; fileEncoding = 4; lastKnownFileType = sourcecode.c.h; path = LNAppListController.h; sourceTree = "<group>"; };
		6AE7711B1B841B3B00187FC9 /* LNAppListController.m */ = {isa = PBXFileReference; fileEncoding = 4; lastKnownFileType = sourcecode.c.objc; path = LNAppListController.m; sourceTree = "<group>"; };
		6AE771251B858B0800187FC9 /* install-button.png */ = {isa = PBXFileReference; lastKnownFileType = image.png; path = "install-button.png"; sourceTree = "<group>"; };
		6AEB27351B0E6E9B00750B21 /* Main.storyboard */ = {isa = PBXFileReference; fileEncoding = 4; lastKnownFileType = file.storyboard; path = Main.storyboard; sourceTree = "<group>"; };
		6AFD21481B6C104000D42FBE /* LNSettingsViewController.h */ = {isa = PBXFileReference; fileEncoding = 4; lastKnownFileType = sourcecode.c.h; path = LNSettingsViewController.h; sourceTree = "<group>"; };
		6AFD21491B6C104000D42FBE /* LNSettingsViewController.m */ = {isa = PBXFileReference; fileEncoding = 4; lastKnownFileType = sourcecode.c.objc; path = LNSettingsViewController.m; sourceTree = "<group>"; };
		6AFD214B1B6C74E200D42FBE /* LNSwitch.h */ = {isa = PBXFileReference; fileEncoding = 4; lastKnownFileType = sourcecode.c.h; path = LNSwitch.h; sourceTree = "<group>"; };
		6AFD214C1B6C74E200D42FBE /* LNSwitch.m */ = {isa = PBXFileReference; fileEncoding = 4; lastKnownFileType = sourcecode.c.objc; path = LNSwitch.m; sourceTree = "<group>"; };
		6AFD214E1B6C7D9600D42FBE /* LNLabel.h */ = {isa = PBXFileReference; fileEncoding = 4; lastKnownFileType = sourcecode.c.h; path = LNLabel.h; sourceTree = "<group>"; };
		6AFD214F1B6C7D9600D42FBE /* LNLabel.m */ = {isa = PBXFileReference; fileEncoding = 4; lastKnownFileType = sourcecode.c.objc; path = LNLabel.m; sourceTree = "<group>"; };
		6AFD21511B6C842F00D42FBE /* LNSlider.h */ = {isa = PBXFileReference; fileEncoding = 4; lastKnownFileType = sourcecode.c.h; path = LNSlider.h; sourceTree = "<group>"; };
		6AFD21521B6C842F00D42FBE /* LNSlider.m */ = {isa = PBXFileReference; fileEncoding = 4; lastKnownFileType = sourcecode.c.objc; path = LNSlider.m; sourceTree = "<group>"; };
		6AFD21541B6D80D200D42FBE /* LNTextField.h */ = {isa = PBXFileReference; fileEncoding = 4; lastKnownFileType = sourcecode.c.h; path = LNTextField.h; sourceTree = "<group>"; };
		6AFD21551B6D80D200D42FBE /* LNTextField.m */ = {isa = PBXFileReference; fileEncoding = 4; lastKnownFileType = sourcecode.c.objc; path = LNTextField.m; sourceTree = "<group>"; };
		874D5E04213D92D8D3863CC4 /* Pods-Lignite Collection.release.xcconfig */ = {isa = PBXFileReference; includeInIndex = 1; lastKnownFileType = text.xcconfig; name = "Pods-Lignite Collection.release.xcconfig"; path = "Pods/Target Support Files/Pods-Lignite Collection/Pods-Lignite Collection.release.xcconfig"; sourceTree = "<group>"; };
		A1BF0943B904B8CFE5124C50 /* Pods_Lignite_Collection.framework */ = {isa = PBXFileReference; explicitFileType = wrapper.framework; includeInIndex = 0; path = Pods_Lignite_Collection.framework; sourceTree = BUILT_PRODUCTS_DIR; };
		B5FBCAB4F89C2ACA1BE88A34 /* Pods-Lignite.release.xcconfig */ = {isa = PBXFileReference; includeInIndex = 1; lastKnownFileType = text.xcconfig; name = "Pods-Lignite.release.xcconfig"; path = "Pods/Target Support Files/Pods-Lignite/Pods-Lignite.release.xcconfig"; sourceTree = "<group>"; };
		BB6D9703F013005132FA591A /* Pods-Lignite.debug.xcconfig */ = {isa = PBXFileReference; includeInIndex = 1; lastKnownFileType = text.xcconfig; name = "Pods-Lignite.debug.xcconfig"; path = "Pods/Target Support Files/Pods-Lignite/Pods-Lignite.debug.xcconfig"; sourceTree = "<group>"; };
		CDFBCCD2B4BA98F8C2195114 /* libPods-Lignite.a */ = {isa = PBXFileReference; explicitFileType = archive.ar; includeInIndex = 0; path = "libPods-Lignite.a"; sourceTree = BUILT_PRODUCTS_DIR; };
/* End PBXFileReference section */

/* Begin PBXFrameworksBuildPhase section */
		6A1C89D51AF5C59700517A8E /* Frameworks */ = {
			isa = PBXFrameworksBuildPhase;
			buildActionMask = 2147483647;
			files = (
				6ABE3CA41B935C34005B4D4D /* AudioToolbox.framework in Frameworks */,
				6A1927921B4829FF004017CA /* StoreKit.framework in Frameworks */,
				3902F2A2D3FA03EA2DBF9617 /* libPods-Lignite.a in Frameworks */,
			);
			runOnlyForDeploymentPostprocessing = 0;
		};
/* End PBXFrameworksBuildPhase section */

/* Begin PBXGroup section */
		66C5FB3F009E5B61AC6EAB42 /* Pods */ = {
			isa = PBXGroup;
			children = (
				543390EE929F86789563CA2D /* Pods-Lignite Collection.debug.xcconfig */,
				874D5E04213D92D8D3863CC4 /* Pods-Lignite Collection.release.xcconfig */,
				BB6D9703F013005132FA591A /* Pods-Lignite.debug.xcconfig */,
				B5FBCAB4F89C2ACA1BE88A34 /* Pods-Lignite.release.xcconfig */,
			);
			name = Pods;
			sourceTree = "<group>";
		};
		6A15E9F11B8D2DE5008E7358 /* previews */ = {
			isa = PBXGroup;
			children = (
				6A15EA3C1B8D3163008E7358 /* chunky-aplite-1.png */,
				6A15EA3D1B8D3163008E7358 /* chunky-aplite-2.png */,
				6A15EA3E1B8D3163008E7358 /* chunky-basalt-1.png */,
				6A15EA3F1B8D3163008E7358 /* chunky-basalt-2.png */,
				6A15EA401B8D3163008E7358 /* colours-basalt-1.png */,
				6A15EA411B8D3163008E7358 /* colours-basalt-2.png */,
				6A15EA421B8D3163008E7358 /* colours-basalt-3.png */,
				6A15EA431B8D3163008E7358 /* lines-aplite-1.png */,
				6A15EA441B8D3163008E7358 /* lines-aplite-2.png */,
				6A15EA451B8D3163008E7358 /* lines-aplite-3.png */,
				6A15EA461B8D3163008E7358 /* lines-basalt-1.png */,
				6A15EA471B8D3163008E7358 /* lines-basalt-2.png */,
				6A15EA481B8D3163008E7358 /* lines-basalt-3.png */,
				6A15EA491B8D3163008E7358 /* rightnighter-aplite-1.png */,
				6A15EA4A1B8D3163008E7358 /* rightnighter-aplite-2.png */,
				6A15EA4B1B8D3163008E7358 /* rightnighter-basalt-1.png */,
				6A15EA4C1B8D3163008E7358 /* rightnighter-basalt-2.png */,
				6A15EA4D1B8D3163008E7358 /* simplified analogue-aplite-1.png */,
				6A15EA4E1B8D3163008E7358 /* simplified analogue-aplite-2.png */,
				6A15EA4F1B8D3163008E7358 /* simplified analogue-basalt-1.png */,
				6A15EA501B8D3163008E7358 /* simplified analogue-basalt-2.png */,
				6A15EA511B8D3163008E7358 /* speedometer-aplite-1.png */,
				6A15EA521B8D3163008E7358 /* speedometer-aplite-2.png */,
				6A15EA531B8D3163008E7358 /* speedometer-aplite-3.png */,
				6A15EA541B8D3163008E7358 /* speedometer-basalt-1.png */,
				6A15EA551B8D3163008E7358 /* speedometer-basalt-2.png */,
				6A15EA561B8D3163008E7358 /* speedometer-basalt-3.png */,
				6A15EA571B8D3163008E7358 /* timedock-aplite-1.png */,
				6A15EA581B8D3163008E7358 /* timedock-aplite-2.png */,
				6A15EA591B8D3163008E7358 /* timedock-basalt-1.png */,
				6A15EA5A1B8D3163008E7358 /* timedock-basalt-2.png */,
				6A15EA5B1B8D3163008E7358 /* timezones-aplite-1.png */,
				6A15EA5C1B8D3163008E7358 /* timezones-aplite-2.png */,
				6A15EA5D1B8D3163008E7358 /* timezones-basalt-1.png */,
				6A15EA5E1B8D3163008E7358 /* timezones-basalt-2.png */,
				6AB051CF1BA1D95200A398E5 /* colours-aplite-1.png */,
				6A41193F1BA0AAF500F8AFEF /* beat-aplite-1.png */,
				6A4119401BA0AAF500F8AFEF /* beat-aplite-2.png */,
				6A4119411BA0AAF500F8AFEF /* beat-basalt-1.png */,
				6A4119421BA0AAF500F8AFEF /* beat-basalt-2.png */,
				6A41193D1BA0AAC800F8AFEF /* pulse-aplite-1.png */,
				6AB051CD1BA147F800A398E5 /* pulse-basalt-1.png */,
				6A41193A1BA0AA5300F8AFEF /* pulse-basalt-2.png */,
				6A4119331BA0AA0400F8AFEF /* equalizer-aplite-1.png */,
				6AB051D11BA3243100A398E5 /* equalizer-aplite-2.png */,
				6A4119341BA0AA0400F8AFEF /* equalizer-basalt-1.png */,
				6A4119351BA0AA0400F8AFEF /* equalizer-basalt-2.png */,
				6A41192F1BA0A9D500F8AFEF /* personal-aplite-1.png */,
				6AB051D31BA324E800A398E5 /* personal-aplite-2.png */,
				6A4119301BA0A9D500F8AFEF /* personal-basalt-1.png */,
				6AB051D51BA3250400A398E5 /* personal-basalt-2.png */,
				6A4119291BA0A85800F8AFEF /* slot machine-aplite-1.png */,
				6AB051D71BA3255500A398E5 /* slot machine-aplite-2.png */,
				6A41192A1BA0A85800F8AFEF /* slot machine-basalt-1.png */,
				6A41192B1BA0A85800F8AFEF /* slot machine-basalt-2.png */,
				6AB051C61BA1186B00A398E5 /* tree of colours-aplite-1.png */,
				6AB051C81BA1188400A398E5 /* tree of colours-basalt-1.png */,
			);
			name = previews;
			sourceTree = "<group>";
		};
		6A1C1EAD1B82D268005E4A1E /* colour_picker */ = {
			isa = PBXGroup;
			children = (
				6A15EA381B8D306F008E7358 /* colours_uncorrected.json */,
				6A15EA391B8D306F008E7358 /* colours_corrected.json */,
				6A1C1EB21B82D2F7005E4A1E /* LNColourPicker.h */,
				6A1C1EB31B82D2F7005E4A1E /* LNColourPicker.m */,
			);
			name = colour_picker;
			sourceTree = "<group>";
		};
		6A1C89CF1AF5C59700517A8E = {
			isa = PBXGroup;
			children = (
				6A38538A1B877BD100BB9F9D /* Localizable.strings */,
				6A1C89DA1AF5C59700517A8E /* Lignite Collection */,
				6A1C89D91AF5C59700517A8E /* Products */,
				66C5FB3F009E5B61AC6EAB42 /* Pods */,
				6D83830269A1AFDFDE755FC3 /* Frameworks */,
			);
			sourceTree = "<group>";
			usesTabs = 1;
		};
		6A1C89D91AF5C59700517A8E /* Products */ = {
			isa = PBXGroup;
			children = (
				6A1C89D81AF5C59700517A8E /* Lignite.app */,
			);
			name = Products;
			sourceTree = "<group>";
		};
		6A1C89DA1AF5C59700517A8E /* Lignite Collection */ = {
			isa = PBXGroup;
			children = (
				6A15E9F11B8D2DE5008E7358 /* previews */,
				6A1C1EAD1B82D268005E4A1E /* colour_picker */,
				6AFD21401B6C021700D42FBE /* json */,
				6AE2A7201B093AED007BAE3C /* values */,
				6A1C89DF1AF5C59800517A8E /* AppDelegate.h */,
				6A1C89E01AF5C59800517A8E /* AppDelegate.m */,
				6A13BE951B1B5C48005BA4CB /* CreditsViewController.h */,
				6A13BE961B1B5C48005BA4CB /* CreditsViewController.m */,
				6A5D02691B0A9ACC00DE77B1 /* FeedbackViewController.h */,
				6A5D026A1B0A9ACC00DE77B1 /* FeedbackViewController.m */,
				6A1927931B487DD7004017CA /* NSUserDefaults+MPSecureUserDefaults.h */,
				6A1927941B487DD7004017CA /* NSUserDefaults+MPSecureUserDefaults.m */,
				6A5D02721B0ADEB600DE77B1 /* LoginViewController.h */,
				6A5D02731B0ADEB600DE77B1 /* LoginViewController.m */,
				6ABE3CA51B936147005B4D4D /* LNAlertView.h */,
				6ABE3CA61B936147005B4D4D /* LNAlertView.m */,
				6AD6CB201B09985500A81319 /* LNAppInfo.h */,
				6AD6CB211B09985500A81319 /* LNAppInfo.m */,
				6AE7711A1B841B3B00187FC9 /* LNAppListController.h */,
				6AE7711B1B841B3B00187FC9 /* LNAppListController.m */,
				6AE771171B841A0600187FC9 /* LNAppListViewController.h */,
				6AE771181B841A0600187FC9 /* LNAppListViewController.m */,
				6AB051CA1BA1439200A398E5 /* LNButton.h */,
				6AB051CB1BA1439200A398E5 /* LNButton.m */,
				6A5D026C1B0AC47500DE77B1 /* LNDataFramework.h */,
				6A5D026D1B0AC47500DE77B1 /* LNDataFramework.m */,
				6AFD214E1B6C7D9600D42FBE /* LNLabel.h */,
				6AFD214F1B6C7D9600D42FBE /* LNLabel.m */,
				6A1C1E8C1B81834A005E4A1E /* LNPreviewBuilderController.h */,
				6A1C1E8D1B81834A005E4A1E /* LNPreviewBuilderController.m */,
				6AFD21481B6C104000D42FBE /* LNSettingsViewController.h */,
				6AFD21491B6C104000D42FBE /* LNSettingsViewController.m */,
				6AFD21511B6C842F00D42FBE /* LNSlider.h */,
				6AFD21521B6C842F00D42FBE /* LNSlider.m */,
				6AFD214B1B6C74E200D42FBE /* LNSwitch.h */,
				6AFD214C1B6C74E200D42FBE /* LNSwitch.m */,
				6AFD21541B6D80D200D42FBE /* LNTextField.h */,
				6AFD21551B6D80D200D42FBE /* LNTextField.m */,
				6A869B781B4DD3FA002FCD15 /* SimpleTableViewController.h */,
				6A869B791B4DD3FA002FCD15 /* SimpleTableViewController.m */,
				6A5D026F1B0AD37C00DE77B1 /* UIView+Toast.h */,
				6A5D02701B0AD37C00DE77B1 /* UIView+Toast.m */,
				6A1C89EA1AF5C59800517A8E /* LaunchScreen.xib */,
				6AEB27351B0E6E9B00750B21 /* Main.storyboard */,
				6A1C89E81AF5C59800517A8E /* Images.xcassets */,
				6A1C89DB1AF5C59700517A8E /* Supporting Files */,
			);
			path = "Lignite Collection";
			sourceTree = "<group>";
		};
		6A1C89DB1AF5C59700517A8E /* Supporting Files */ = {
			isa = PBXGroup;
			children = (
				6A1C89DC1AF5C59700517A8E /* Info.plist */,
				6A1C89DD1AF5C59800517A8E /* main.m */,
			);
			name = "Supporting Files";
			sourceTree = "<group>";
		};
		6AE2A7201B093AED007BAE3C /* values */ = {
			isa = PBXGroup;
			children = (
				6AE2A7211B093B06007BAE3C /* drawable */,
			);
			name = values;
			sourceTree = "<group>";
		};
		6AE2A7211B093B06007BAE3C /* drawable */ = {
			isa = PBXGroup;
			children = (
				6A7FAF511B9CB85C0092205F /* double_arrows_pointed_up.png */,
				6A4785451B97F91600424AD3 /* arrow_up_thin_flipped.png */,
				6ABE3CB81B94B281005B4D4D /* double_arrows_up.png */,
				6ABE3CB61B94A4BD005B4D4D /* double_arrows.png */,
				6ABE3CAC1B93FC22005B4D4D /* arrow_left_thin.png */,
				6ABE3CAD1B93FC22005B4D4D /* arrow_right_thin.png */,
				6ABE3CAF1B93FC22005B4D4D /* arrow_down_thin.png */,
				6ABE3CB01B93FC22005B4D4D /* arrow_up_thin.png */,
				6ABE3CAA1B93E739005B4D4D /* tutorial_background.png */,
				6AE771251B858B0800187FC9 /* install-button.png */,
				6A1C1EA81B82C7E3005E4A1E /* purchase-button.png */,
				6A1C1EA91B82C7E3005E4A1E /* settings-button.png */,
				6A1C1E701B817C01005E4A1E /* bianca-black.png */,
				6A1C1E711B817C01005E4A1E /* bianca-silver.png */,
				6A1C1E721B817C01005E4A1E /* bobby-black.png */,
				6A1C1E731B817C01005E4A1E /* bobby-gold.png */,
				6A1C1E741B817C01005E4A1E /* bobby-silver.png */,
				6A1C1E751B817C01005E4A1E /* snowy-black.png */,
				6A1C1E761B817C01005E4A1E /* snowy-red.png */,
				6A1C1E771B817C01005E4A1E /* snowy-white.png */,
				6A1C1E781B817C01005E4A1E /* tintin-black.png */,
				6A1C1E791B817C01005E4A1E /* tintin-red.png */,
				6A1C1E7A1B817C01005E4A1E /* tintin-white.png */,
				6A3210A11B7C21E9007DE49A /* arrow-active-right.png */,
				6A3210A21B7C21E9007DE49A /* arrow-inactive-right.png */,
				6A32109D1B7C2010007DE49A /* arrow-active.png */,
				6A32109E1B7C2010007DE49A /* arrow-inactive.png */,
				6A13BE9A1B1BAEA7005BA4CB /* Lignite-BETA-logo.png */,
				6AE2A7221B093B12007BAE3C /* lignite_logo.png */,
			);
			name = drawable;
			sourceTree = "<group>";
		};
		6AFD21401B6C021700D42FBE /* json */ = {
			isa = PBXGroup;
			children = (
				6AE61FE31B7ACFA000E63BC7 /* beat.json */,
				6AE61FE41B7ACFA000E63BC7 /* chunky.json */,
				6AE61FE51B7ACFA000E63BC7 /* colours.json */,
				6AE61FE61B7ACFA000E63BC7 /* lines.json */,
				6AE61FE71B7ACFA000E63BC7 /* personal.json */,
				6AE61FE81B7ACFA000E63BC7 /* pulse.json */,
				6AE61FE91B7ACFA000E63BC7 /* rightnighter.json */,
				6AE61FEA1B7ACFA000E63BC7 /* simplified analogue.json */,
				6AE61FEB1B7ACFA000E63BC7 /* slot machine.json */,
				6AE61FEC1B7ACFA000E63BC7 /* speedometer.json */,
				6AE61FED1B7ACFA000E63BC7 /* timezones.json */,
				6AE61FEE1B7ACFA000E63BC7 /* tree of colours.json */,
				6A3853851B86A5C300BB9F9D /* equalizer.json */,
				6A15E9ED1B8CB877008E7358 /* timedock.json */,
				6ABE3CA11B9359A0005B4D4D /* lignite_settings.json */,
			);
			name = json;
			sourceTree = "<group>";
		};
		6D83830269A1AFDFDE755FC3 /* Frameworks */ = {
			isa = PBXGroup;
			children = (
				6ABE3CA31B935C33005B4D4D /* AudioToolbox.framework */,
				6A1927911B4829FF004017CA /* StoreKit.framework */,
				A1BF0943B904B8CFE5124C50 /* Pods_Lignite_Collection.framework */,
				CDFBCCD2B4BA98F8C2195114 /* libPods-Lignite.a */,
			);
			name = Frameworks;
			sourceTree = "<group>";
		};
/* End PBXGroup section */

/* Begin PBXNativeTarget section */
		6A1C89D71AF5C59700517A8E /* Lignite */ = {
			isa = PBXNativeTarget;
			buildConfigurationList = 6A1C89FB1AF5C59800517A8E /* Build configuration list for PBXNativeTarget "Lignite" */;
			buildPhases = (
				866536A727FC15F96AE31AA4 /* Check Pods Manifest.lock */,
				6A1C89D41AF5C59700517A8E /* Sources */,
				6A1C89D51AF5C59700517A8E /* Frameworks */,
				6A1C89D61AF5C59700517A8E /* Resources */,
				F48E999F64C80A4FD2E540C6 /* Copy Pods Resources */,
			);
			buildRules = (
			);
			dependencies = (
			);
			name = Lignite;
			productName = "Lignite Collection";
			productReference = 6A1C89D81AF5C59700517A8E /* Lignite.app */;
			productType = "com.apple.product-type.application";
		};
/* End PBXNativeTarget section */

/* Begin PBXProject section */
		6A1C89D01AF5C59700517A8E /* Project object */ = {
			isa = PBXProject;
			attributes = {
				LastUpgradeCheck = 0700;
				ORGANIZATIONNAME = "Edwin Finch";
				TargetAttributes = {
					6A1C89D71AF5C59700517A8E = {
						CreatedOnToolsVersion = 6.3;
						DevelopmentTeam = FC8DY8T6N2;
					};
				};
			};
			buildConfigurationList = 6A1C89D31AF5C59700517A8E /* Build configuration list for PBXProject "Lignite" */;
			compatibilityVersion = "Xcode 3.2";
			developmentRegion = English;
			hasScannedForEncodings = 0;
			knownRegions = (
				en,
				Base,
				de,
				"zh-Hans",
				nl,
				it,
				sv,
				fi,
				tr,
			);
			mainGroup = 6A1C89CF1AF5C59700517A8E;
			productRefGroup = 6A1C89D91AF5C59700517A8E /* Products */;
			projectDirPath = "";
			projectRoot = "";
			targets = (
				6A1C89D71AF5C59700517A8E /* Lignite */,
			);
		};
/* End PBXProject section */

/* Begin PBXResourcesBuildPhase section */
		6A1C89D61AF5C59700517A8E /* Resources */ = {
			isa = PBXResourcesBuildPhase;
			buildActionMask = 2147483647;
			files = (
				6AE61FF71B7ACFA000E63BC7 /* slot machine.json in Resources */,
				6AB051C91BA1188400A398E5 /* tree of colours-basalt-1.png in Resources */,
				6AE61FF01B7ACFA000E63BC7 /* chunky.json in Resources */,
				6AE771261B858B0800187FC9 /* install-button.png in Resources */,
				6A15EA7D1B8D3163008E7358 /* timedock-basalt-2.png in Resources */,
				6AE61FFA1B7ACFA000E63BC7 /* tree of colours.json in Resources */,
				6AB051C71BA1186B00A398E5 /* tree of colours-aplite-1.png in Resources */,
				6A15EA6E1B8D3163008E7358 /* rightnighter-basalt-1.png in Resources */,
				6A1C1E7D1B817C01005E4A1E /* bobby-black.png in Resources */,
				6A15EA661B8D3163008E7358 /* lines-aplite-1.png in Resources */,
				6AE61FF61B7ACFA000E63BC7 /* simplified analogue.json in Resources */,
				6A1C1E831B817C01005E4A1E /* tintin-black.png in Resources */,
				6A3853881B877BD100BB9F9D /* Localizable.strings in Resources */,
				6A1C1E7C1B817C01005E4A1E /* bianca-silver.png in Resources */,
				6A13BE9B1B1BAEA7005BA4CB /* Lignite-BETA-logo.png in Resources */,
				6A4119441BA0AAF500F8AFEF /* beat-aplite-2.png in Resources */,
				6A15EA6C1B8D3163008E7358 /* rightnighter-aplite-1.png in Resources */,
				6A1C1EAB1B82C7E3005E4A1E /* purchase-button.png in Resources */,
				6A15EA6B1B8D3163008E7358 /* lines-basalt-3.png in Resources */,
				6AE61FF31B7ACFA000E63BC7 /* personal.json in Resources */,
				6ABE3CB51B93FC22005B4D4D /* arrow_up_thin.png in Resources */,
				6A1C1E841B817C01005E4A1E /* tintin-red.png in Resources */,
				6ABE3CB21B93FC22005B4D4D /* arrow_right_thin.png in Resources */,
				6A4119321BA0A9D500F8AFEF /* personal-basalt-1.png in Resources */,
				6A4119381BA0AA0400F8AFEF /* equalizer-basalt-2.png in Resources */,
				6ABE3CAB1B93E739005B4D4D /* tutorial_background.png in Resources */,
				6A15EA691B8D3163008E7358 /* lines-basalt-1.png in Resources */,
				6A15EA641B8D3163008E7358 /* colours-basalt-2.png in Resources */,
				6A15EA701B8D3163008E7358 /* simplified analogue-aplite-1.png in Resources */,
				6A15EA741B8D3163008E7358 /* speedometer-aplite-1.png in Resources */,
				6A15EA711B8D3163008E7358 /* simplified analogue-aplite-2.png in Resources */,
				6A1C1E851B817C01005E4A1E /* tintin-white.png in Resources */,
				6AE61FF81B7ACFA000E63BC7 /* speedometer.json in Resources */,
				6A32109F1B7C2010007DE49A /* arrow-active.png in Resources */,
				6A15EA731B8D3163008E7358 /* simplified analogue-basalt-2.png in Resources */,
				6AB051D41BA324E800A398E5 /* personal-aplite-2.png in Resources */,
				6A15EA781B8D3163008E7358 /* speedometer-basalt-2.png in Resources */,
				6A15EA5F1B8D3163008E7358 /* chunky-aplite-1.png in Resources */,
				6A4119311BA0A9D500F8AFEF /* personal-aplite-1.png in Resources */,
				6A15EA621B8D3163008E7358 /* chunky-basalt-2.png in Resources */,
				6A1C1E811B817C01005E4A1E /* snowy-red.png in Resources */,
				6A4119461BA0AAF500F8AFEF /* beat-basalt-2.png in Resources */,
				6A3210A31B7C21E9007DE49A /* arrow-active-right.png in Resources */,
				6AE61FEF1B7ACFA000E63BC7 /* beat.json in Resources */,
				6AE61FF51B7ACFA000E63BC7 /* rightnighter.json in Resources */,
				6A15EA3B1B8D306F008E7358 /* colours_corrected.json in Resources */,
				6AE61FF21B7ACFA000E63BC7 /* lines.json in Resources */,
				6ABE3CB11B93FC22005B4D4D /* arrow_left_thin.png in Resources */,
				6A1C1E801B817C01005E4A1E /* snowy-black.png in Resources */,
				6A15EA6D1B8D3163008E7358 /* rightnighter-aplite-2.png in Resources */,
				6A3210A41B7C21E9007DE49A /* arrow-inactive-right.png in Resources */,
				6A41192D1BA0A85800F8AFEF /* slot machine-basalt-1.png in Resources */,
				6A3853861B86A5C300BB9F9D /* equalizer.json in Resources */,
				6AE61FF11B7ACFA000E63BC7 /* colours.json in Resources */,
				6A4119361BA0AA0400F8AFEF /* equalizer-aplite-1.png in Resources */,
				6AE61FF41B7ACFA000E63BC7 /* pulse.json in Resources */,
				6AE61FF91B7ACFA000E63BC7 /* timezones.json in Resources */,
				6A15EA721B8D3163008E7358 /* simplified analogue-basalt-1.png in Resources */,
				6A15EA681B8D3163008E7358 /* lines-aplite-3.png in Resources */,
				6A15EA6F1B8D3163008E7358 /* rightnighter-basalt-2.png in Resources */,
				6A41193E1BA0AAC800F8AFEF /* pulse-aplite-1.png in Resources */,
				6A15EA6A1B8D3163008E7358 /* lines-basalt-2.png in Resources */,
				6A41193C1BA0AA5300F8AFEF /* pulse-basalt-2.png in Resources */,
				6A15EA601B8D3163008E7358 /* chunky-aplite-2.png in Resources */,
				6A15E9EE1B8CB877008E7358 /* timedock.json in Resources */,
				6A15EA3A1B8D306F008E7358 /* colours_uncorrected.json in Resources */,
				6A15EA651B8D3163008E7358 /* colours-basalt-3.png in Resources */,
				6A1C1EAC1B82C7E3005E4A1E /* settings-button.png in Resources */,
				6A15EA751B8D3163008E7358 /* speedometer-aplite-2.png in Resources */,
				6A15EA771B8D3163008E7358 /* speedometer-basalt-1.png in Resources */,
				6ABE3CB91B94B281005B4D4D /* double_arrows_up.png in Resources */,
				6A1C1E7F1B817C01005E4A1E /* bobby-silver.png in Resources */,
				6A15EA671B8D3163008E7358 /* lines-aplite-2.png in Resources */,
				6A4119371BA0AA0400F8AFEF /* equalizer-basalt-1.png in Resources */,
				6A4119431BA0AAF500F8AFEF /* beat-aplite-1.png in Resources */,
				6A15EA801B8D3163008E7358 /* timezones-basalt-1.png in Resources */,
				6AEB27361B0E6E9B00750B21 /* Main.storyboard in Resources */,
				6A7FAF521B9CB85C0092205F /* double_arrows_pointed_up.png in Resources */,
				6A1C1E821B817C01005E4A1E /* snowy-white.png in Resources */,
				6A1C89EC1AF5C59800517A8E /* LaunchScreen.xib in Resources */,
				6A15EA611B8D3163008E7358 /* chunky-basalt-1.png in Resources */,
				6A15EA791B8D3163008E7358 /* speedometer-basalt-3.png in Resources */,
				6ABE3CA21B9359A0005B4D4D /* lignite_settings.json in Resources */,
				6AB051D61BA3250400A398E5 /* personal-basalt-2.png in Resources */,
				6A41192E1BA0A85800F8AFEF /* slot machine-basalt-2.png in Resources */,
				6AB051D81BA3255500A398E5 /* slot machine-aplite-2.png in Resources */,
				6A4785461B97F91600424AD3 /* arrow_up_thin_flipped.png in Resources */,
				6AB051CE1BA147F800A398E5 /* pulse-basalt-1.png in Resources */,
				6A15EA631B8D3163008E7358 /* colours-basalt-1.png in Resources */,
				6AE2A7231B093B12007BAE3C /* lignite_logo.png in Resources */,
				6A1C1E7E1B817C01005E4A1E /* bobby-gold.png in Resources */,
				6A15EA811B8D3163008E7358 /* timezones-basalt-2.png in Resources */,
				6A4119451BA0AAF500F8AFEF /* beat-basalt-1.png in Resources */,
				6A1C1E7B1B817C01005E4A1E /* bianca-black.png in Resources */,
				6A15EA7F1B8D3163008E7358 /* timezones-aplite-2.png in Resources */,
				6A15EA7B1B8D3163008E7358 /* timedock-aplite-2.png in Resources */,
				6AB051D01BA1D95200A398E5 /* colours-aplite-1.png in Resources */,
				6AB051D21BA3243100A398E5 /* equalizer-aplite-2.png in Resources */,
				6A15EA7C1B8D3163008E7358 /* timedock-basalt-1.png in Resources */,
				6A15EA761B8D3163008E7358 /* speedometer-aplite-3.png in Resources */,
				6ABE3CB41B93FC22005B4D4D /* arrow_down_thin.png in Resources */,
				6A15EA7E1B8D3163008E7358 /* timezones-aplite-1.png in Resources */,
				6A15EA7A1B8D3163008E7358 /* timedock-aplite-1.png in Resources */,
				6ABE3CB71B94A4BD005B4D4D /* double_arrows.png in Resources */,
				6A41192C1BA0A85800F8AFEF /* slot machine-aplite-1.png in Resources */,
				6A3210A01B7C2010007DE49A /* arrow-inactive.png in Resources */,
				6A1C89E91AF5C59800517A8E /* Images.xcassets in Resources */,
			);
			runOnlyForDeploymentPostprocessing = 0;
		};
/* End PBXResourcesBuildPhase section */

/* Begin PBXShellScriptBuildPhase section */
		866536A727FC15F96AE31AA4 /* Check Pods Manifest.lock */ = {
			isa = PBXShellScriptBuildPhase;
			buildActionMask = 2147483647;
			files = (
			);
			inputPaths = (
			);
			name = "Check Pods Manifest.lock";
			outputPaths = (
			);
			runOnlyForDeploymentPostprocessing = 0;
			shellPath = /bin/sh;
			shellScript = "diff \"${PODS_ROOT}/../Podfile.lock\" \"${PODS_ROOT}/Manifest.lock\" > /dev/null\nif [[ $? != 0 ]] ; then\n    cat << EOM\nerror: The sandbox is not in sync with the Podfile.lock. Run 'pod install' or update your CocoaPods installation.\nEOM\n    exit 1\nfi\n";
			showEnvVarsInLog = 0;
		};
		F48E999F64C80A4FD2E540C6 /* Copy Pods Resources */ = {
			isa = PBXShellScriptBuildPhase;
			buildActionMask = 2147483647;
			files = (
			);
			inputPaths = (
			);
			name = "Copy Pods Resources";
			outputPaths = (
			);
			runOnlyForDeploymentPostprocessing = 0;
			shellPath = /bin/sh;
			shellScript = "\"${SRCROOT}/Pods/Target Support Files/Pods-Lignite/Pods-Lignite-resources.sh\"\n";
			showEnvVarsInLog = 0;
		};
/* End PBXShellScriptBuildPhase section */

/* Begin PBXSourcesBuildPhase section */
		6A1C89D41AF5C59700517A8E /* Sources */ = {
			isa = PBXSourcesBuildPhase;
			buildActionMask = 2147483647;
			files = (
				6A5D02711B0AD37C00DE77B1 /* UIView+Toast.m in Sources */,
				6AB051CC1BA1439200A398E5 /* LNButton.m in Sources */,
				6A13BE971B1B5C48005BA4CB /* CreditsViewController.m in Sources */,
				6A869B7A1B4DD3FA002FCD15 /* SimpleTableViewController.m in Sources */,
				6AFD21501B6C7D9600D42FBE /* LNLabel.m in Sources */,
				6A1C89E11AF5C59800517A8E /* AppDelegate.m in Sources */,
				6AD6CB221B09985500A81319 /* LNAppInfo.m in Sources */,
				6A5D02741B0ADEB600DE77B1 /* LoginViewController.m in Sources */,
				6A1C89DE1AF5C59800517A8E /* main.m in Sources */,
				6AFD214D1B6C74E200D42FBE /* LNSwitch.m in Sources */,
				6A1C1E8E1B81834A005E4A1E /* LNPreviewBuilderController.m in Sources */,
				6A5D026B1B0A9ACD00DE77B1 /* FeedbackViewController.m in Sources */,
				6AFD21561B6D80D200D42FBE /* LNTextField.m in Sources */,
				6A1C1EB41B82D2F7005E4A1E /* LNColourPicker.m in Sources */,
				6AFD21531B6C842F00D42FBE /* LNSlider.m in Sources */,
				6AE771191B841A0600187FC9 /* LNAppListViewController.m in Sources */,
				6AE7711C1B841B3B00187FC9 /* LNAppListController.m in Sources */,
				6A5D026E1B0AC47500DE77B1 /* LNDataFramework.m in Sources */,
				6ABE3CA71B936147005B4D4D /* LNAlertView.m in Sources */,
				6A1927951B487DD7004017CA /* NSUserDefaults+MPSecureUserDefaults.m in Sources */,
				6AFD214A1B6C104000D42FBE /* LNSettingsViewController.m in Sources */,
			);
			runOnlyForDeploymentPostprocessing = 0;
		};
/* End PBXSourcesBuildPhase section */

/* Begin PBXVariantGroup section */
		6A1C89EA1AF5C59800517A8E /* LaunchScreen.xib */ = {
			isa = PBXVariantGroup;
			children = (
				6A38538D1B877E7500BB9F9D /* Base */,
			);
			name = LaunchScreen.xib;
			sourceTree = "<group>";
		};
		6A38538A1B877BD100BB9F9D /* Localizable.strings */ = {
			isa = PBXVariantGroup;
			children = (
				6A38538B1B877C3B00BB9F9D /* en */,
				6ABE3C991B92B620005B4D4D /* de */,
			);
			name = Localizable.strings;
			sourceTree = "<group>";
		};
/* End PBXVariantGroup section */

/* Begin XCBuildConfiguration section */
		6A1C89F91AF5C59800517A8E /* Debug */ = {
			isa = XCBuildConfiguration;
			buildSettings = {
				ALWAYS_SEARCH_USER_PATHS = NO;
				CLANG_CXX_LANGUAGE_STANDARD = "gnu++0x";
				CLANG_CXX_LIBRARY = "libc++";
				CLANG_ENABLE_MODULES = YES;
				CLANG_ENABLE_OBJC_ARC = YES;
				CLANG_WARN_BOOL_CONVERSION = YES;
				CLANG_WARN_CONSTANT_CONVERSION = YES;
				CLANG_WARN_DIRECT_OBJC_ISA_USAGE = YES_ERROR;
				CLANG_WARN_EMPTY_BODY = YES;
				CLANG_WARN_ENUM_CONVERSION = YES;
				CLANG_WARN_INT_CONVERSION = YES;
				CLANG_WARN_OBJC_ROOT_CLASS = YES_ERROR;
				CLANG_WARN_UNREACHABLE_CODE = YES;
				CLANG_WARN__DUPLICATE_METHOD_MATCH = YES;
				"CODE_SIGN_IDENTITY[sdk=iphoneos*]" = "iPhone Developer";
				COPY_PHASE_STRIP = NO;
				DEBUG_INFORMATION_FORMAT = "dwarf-with-dsym";
				ENABLE_BITCODE = NO;
				ENABLE_STRICT_OBJC_MSGSEND = YES;
				ENABLE_TESTABILITY = YES;
				GCC_C_LANGUAGE_STANDARD = gnu99;
				GCC_DYNAMIC_NO_PIC = NO;
				GCC_NO_COMMON_BLOCKS = YES;
				GCC_OPTIMIZATION_LEVEL = 0;
				GCC_PREPROCESSOR_DEFINITIONS = (
					"DEBUG=1",
					"$(inherited)",
				);
				GCC_SYMBOLS_PRIVATE_EXTERN = NO;
				GCC_WARN_64_TO_32_BIT_CONVERSION = YES;
				GCC_WARN_ABOUT_RETURN_TYPE = YES_ERROR;
				GCC_WARN_UNDECLARED_SELECTOR = YES;
				GCC_WARN_UNINITIALIZED_AUTOS = YES_AGGRESSIVE;
				GCC_WARN_UNUSED_FUNCTION = YES;
				GCC_WARN_UNUSED_VARIABLE = YES;
				IPHONEOS_DEPLOYMENT_TARGET = 8.3;
				MTL_ENABLE_DEBUG_INFO = YES;
				ONLY_ACTIVE_ARCH = YES;
				SDKROOT = iphoneos;
				TARGETED_DEVICE_FAMILY = 1;
			};
			name = Debug;
		};
		6A1C89FA1AF5C59800517A8E /* Release */ = {
			isa = XCBuildConfiguration;
			buildSettings = {
				ALWAYS_SEARCH_USER_PATHS = NO;
				CLANG_CXX_LANGUAGE_STANDARD = "gnu++0x";
				CLANG_CXX_LIBRARY = "libc++";
				CLANG_ENABLE_MODULES = YES;
				CLANG_ENABLE_OBJC_ARC = YES;
				CLANG_WARN_BOOL_CONVERSION = YES;
				CLANG_WARN_CONSTANT_CONVERSION = YES;
				CLANG_WARN_DIRECT_OBJC_ISA_USAGE = YES_ERROR;
				CLANG_WARN_EMPTY_BODY = YES;
				CLANG_WARN_ENUM_CONVERSION = YES;
				CLANG_WARN_INT_CONVERSION = YES;
				CLANG_WARN_OBJC_ROOT_CLASS = YES_ERROR;
				CLANG_WARN_UNREACHABLE_CODE = YES;
				CLANG_WARN__DUPLICATE_METHOD_MATCH = YES;
				"CODE_SIGN_IDENTITY[sdk=iphoneos*]" = "iPhone Developer";
				COPY_PHASE_STRIP = NO;
				DEBUG_INFORMATION_FORMAT = "dwarf-with-dsym";
				ENABLE_BITCODE = NO;
				ENABLE_NS_ASSERTIONS = NO;
				ENABLE_STRICT_OBJC_MSGSEND = YES;
				GCC_C_LANGUAGE_STANDARD = gnu99;
				GCC_NO_COMMON_BLOCKS = YES;
				GCC_WARN_64_TO_32_BIT_CONVERSION = YES;
				GCC_WARN_ABOUT_RETURN_TYPE = YES_ERROR;
				GCC_WARN_UNDECLARED_SELECTOR = YES;
				GCC_WARN_UNINITIALIZED_AUTOS = YES_AGGRESSIVE;
				GCC_WARN_UNUSED_FUNCTION = YES;
				GCC_WARN_UNUSED_VARIABLE = YES;
				IPHONEOS_DEPLOYMENT_TARGET = 8.3;
				MTL_ENABLE_DEBUG_INFO = NO;
				SDKROOT = iphoneos;
				TARGETED_DEVICE_FAMILY = 1;
				VALIDATE_PRODUCT = YES;
			};
			name = Release;
		};
		6A1C89FC1AF5C59800517A8E /* Debug */ = {
			isa = XCBuildConfiguration;
			baseConfigurationReference = BB6D9703F013005132FA591A /* Pods-Lignite.debug.xcconfig */;
			buildSettings = {
				ASSETCATALOG_COMPILER_APPICON_NAME = AppIcon;
				CODE_SIGN_IDENTITY = "iPhone Developer";
				"CODE_SIGN_IDENTITY[sdk=iphoneos*]" = "iPhone Developer";
				INFOPLIST_FILE = "Lignite Collection/Info.plist";
				IPHONEOS_DEPLOYMENT_TARGET = 8.0;
				LD_RUNPATH_SEARCH_PATHS = "$(inherited) @executable_path/Frameworks";
				PRODUCT_BUNDLE_IDENTIFIER = FC8DY8T6N2.com.edwinfinch.lignite;
				PRODUCT_NAME = "$(TARGET_NAME)";
				PROVISIONING_PROFILE = "";
			};
			name = Debug;
		};
		6A1C89FD1AF5C59800517A8E /* Release */ = {
			isa = XCBuildConfiguration;
			baseConfigurationReference = B5FBCAB4F89C2ACA1BE88A34 /* Pods-Lignite.release.xcconfig */;
			buildSettings = {
				ASSETCATALOG_COMPILER_APPICON_NAME = AppIcon;
				CODE_SIGN_IDENTITY = "iPhone Developer";
				"CODE_SIGN_IDENTITY[sdk=iphoneos*]" = "iPhone Developer";
				INFOPLIST_FILE = "Lignite Collection/Info.plist";
				IPHONEOS_DEPLOYMENT_TARGET = 8.0;
				LD_RUNPATH_SEARCH_PATHS = "$(inherited) @executable_path/Frameworks";
				PRODUCT_BUNDLE_IDENTIFIER = FC8DY8T6N2.com.edwinfinch.lignite;
				PRODUCT_NAME = "$(TARGET_NAME)";
				PROVISIONING_PROFILE = "";
			};
			name = Release;
		};
/* End XCBuildConfiguration section */

/* Begin XCConfigurationList section */
		6A1C89D31AF5C59700517A8E /* Build configuration list for PBXProject "Lignite" */ = {
			isa = XCConfigurationList;
			buildConfigurations = (
				6A1C89F91AF5C59800517A8E /* Debug */,
				6A1C89FA1AF5C59800517A8E /* Release */,
			);
			defaultConfigurationIsVisible = 0;
			defaultConfigurationName = Release;
		};
		6A1C89FB1AF5C59800517A8E /* Build configuration list for PBXNativeTarget "Lignite" */ = {
			isa = XCConfigurationList;
			buildConfigurations = (
				6A1C89FC1AF5C59800517A8E /* Debug */,
				6A1C89FD1AF5C59800517A8E /* Release */,
			);
			defaultConfigurationIsVisible = 0;
			defaultConfigurationName = Release;
		};
/* End XCConfigurationList section */
	};
	rootObject = 6A1C89D01AF5C59700517A8E /* Project object */;
}
